{
  "nodes": {
    "cmp-buffer": {
      "flake": false,
      "locked": {
        "lastModified": 1660101488,
        "narHash": "sha256-dG4U7MtnXThoa/PD+qFtCt76MQ14V1wX8GMYcvxEnbM=",
        "owner": "hrsh7th",
        "repo": "cmp-buffer",
        "rev": "3022dbc9166796b644a841a02de8dd1cc1d311fa",
        "type": "github"
      },
      "original": {
        "owner": "hrsh7th",
        "repo": "cmp-buffer",
        "type": "github"
      }
    },
    "cmp-cmdline": {
      "flake": false,
      "locked": {
        "lastModified": 1669558641,
        "narHash": "sha256-hzLiqPMU0tDQ4MTwKxvb3gY2JdD5KwqltGYckuSOzm0=",
        "owner": "hrsh7th",
        "repo": "cmp-cmdline",
        "rev": "23c51b2a3c00f6abc4e922dbd7c3b9aca6992063",
        "type": "github"
      },
      "original": {
        "owner": "hrsh7th",
        "repo": "cmp-cmdline",
        "type": "github"
      }
    },
    "cmp-cmdline-history": {
      "flake": false,
      "locked": {
        "lastModified": 1651653950,
        "narHash": "sha256-IcruTOCNxYKmbo0St1U+CmrDStASPLe+rTLNU6/2Xew=",
        "owner": "dmitmel",
        "repo": "cmp-cmdline-history",
        "rev": "003573b72d4635ce636234a826fa8c4ba2895ffe",
        "type": "github"
      },
      "original": {
        "owner": "dmitmel",
        "repo": "cmp-cmdline-history",
        "type": "github"
      }
    },
    "cmp-conventionalcommits": {
      "flake": false,
      "locked": {
        "lastModified": 1665962366,
        "narHash": "sha256-PAEWX0U8qbBwC3DqfCrDDlTLoIRIlcbwS1eDu3yarTc=",
        "owner": "davidsierradz",
        "repo": "cmp-conventionalcommits",
        "rev": "a4dfacf0601130b7f8afa7c948d735c27802fb7f",
        "type": "github"
      },
      "original": {
        "owner": "davidsierradz",
        "repo": "cmp-conventionalcommits",
        "type": "github"
      }
    },
    "cmp-dap": {
      "flake": false,
      "locked": {
        "lastModified": 1668340530,
        "narHash": "sha256-w+gGaZxXjb2B0dMXhfduEQKtO5CmQnuUdh4otpcsFuc=",
        "owner": "rcarriga",
        "repo": "cmp-dap",
        "rev": "d16f14a210cd28988b97ca8339d504533b7e09a4",
        "type": "github"
      },
      "original": {
        "owner": "rcarriga",
        "repo": "cmp-dap",
        "type": "github"
      }
    },
    "cmp-git": {
      "flake": false,
      "locked": {
        "lastModified": 1676004989,
        "narHash": "sha256-5V2323tiA38X2vwWvWKa3X7QxBP9tdApSlI8lLZ2RF8=",
        "owner": "petertriho",
        "repo": "cmp-git",
        "rev": "414e6aefbc0f416ad1c83e5417455a861159e3b8",
        "type": "github"
      },
      "original": {
        "owner": "petertriho",
        "repo": "cmp-git",
        "type": "github"
      }
    },
    "cmp-nvim-lsp": {
      "flake": false,
      "locked": {
        "lastModified": 1675708067,
        "narHash": "sha256-DxpcPTBlvVP88PDoTheLV2fC76EXDqS2UpM5mAfj/D4=",
        "owner": "hrsh7th",
        "repo": "cmp-nvim-lsp",
        "rev": "0e6b2ed705ddcff9738ec4ea838141654f12eeef",
        "type": "github"
      },
      "original": {
        "owner": "hrsh7th",
        "repo": "cmp-nvim-lsp",
        "type": "github"
      }
    },
    "cmp-nvim-lsp-document-symbol": {
      "flake": false,
      "locked": {
        "lastModified": 1666607452,
        "narHash": "sha256-ox0AJzY4z4lFx5A06IpE7z99pqqP2bN6/sYD0+tP/L4=",
        "owner": "hrsh7th",
        "repo": "cmp-nvim-lsp-document-symbol",
        "rev": "069a207be6a0327dcc62c957dbb38156b210733a",
        "type": "github"
      },
      "original": {
        "owner": "hrsh7th",
        "repo": "cmp-nvim-lsp-document-symbol",
        "type": "github"
      }
    },
    "cmp-nvim-lsp-signature-help": {
      "flake": false,
      "locked": {
        "lastModified": 1675422985,
        "narHash": "sha256-yDxYvjTIeXIKYR3tg+bf+okXKr5JYc/I9obP+6uKey4=",
        "owner": "hrsh7th",
        "repo": "cmp-nvim-lsp-signature-help",
        "rev": "3d8912ebeb56e5ae08ef0906e3a54de1c66b92f1",
        "type": "github"
      },
      "original": {
        "owner": "hrsh7th",
        "repo": "cmp-nvim-lsp-signature-help",
        "type": "github"
      }
    },
    "cmp-nvim-lua": {
      "flake": false,
      "locked": {
        "lastModified": 1672931929,
        "narHash": "sha256-/LzHwDeeUDL15ErUFvCQ2dd7N3bORBA+PMFl9dyrzWM=",
        "owner": "hrsh7th",
        "repo": "cmp-nvim-lua",
        "rev": "f3491638d123cfd2c8048aefaf66d246ff250ca6",
        "type": "github"
      },
      "original": {
        "owner": "hrsh7th",
        "repo": "cmp-nvim-lua",
        "type": "github"
      }
    },
    "cmp-nvim-ultisnips": {
      "flake": false,
      "locked": {
        "lastModified": 1673495632,
        "narHash": "sha256-ANZ+gZ98APSaTYow4YA9BsFlpEwvcT1Eypt6yq6ofUA=",
        "owner": "quangnguyen30192",
        "repo": "cmp-nvim-ultisnips",
        "rev": "43b69a235b2dc54db692049fe0d5cc60c6b58b4b",
        "type": "github"
      },
      "original": {
        "owner": "quangnguyen30192",
        "repo": "cmp-nvim-ultisnips",
        "type": "github"
      }
    },
    "cmp-omni": {
      "flake": false,
      "locked": {
        "lastModified": 1668658700,
        "narHash": "sha256-WXW9DPogGNqdhF3tAlztdl+1ct6spWQbNztbIxZyGAc=",
        "owner": "hrsh7th",
        "repo": "cmp-omni",
        "rev": "8457e4144ea2fc5efbadb7d22250d5ee8f8862ba",
        "type": "github"
      },
      "original": {
        "owner": "hrsh7th",
        "repo": "cmp-omni",
        "type": "github"
      }
    },
    "cmp-path": {
      "flake": false,
      "locked": {
        "lastModified": 1664784283,
        "narHash": "sha256-thppiiV3wjIaZnAXmsh7j3DUc6ceSCvGzviwFUnoPaI=",
        "owner": "hrsh7th",
        "repo": "cmp-path",
        "rev": "91ff86cd9c29299a64f968ebb45846c485725f23",
        "type": "github"
      },
      "original": {
        "owner": "hrsh7th",
        "repo": "cmp-path",
        "type": "github"
      }
    },
    "cmp-rg": {
      "flake": false,
      "locked": {
        "lastModified": 1662346601,
        "narHash": "sha256-UojROsV/SsQLUVlqBX6Elb1bq7cx8V/adOxDc3U8Mgo=",
        "owner": "lukas-reineke",
        "repo": "cmp-rg",
        "rev": "1cad8eb315643d0df13c37401c03d7986f891011",
        "type": "github"
      },
      "original": {
        "owner": "lukas-reineke",
        "repo": "cmp-rg",
        "type": "github"
      }
    },
    "colorizer": {
      "flake": false,
      "locked": {
        "lastModified": 1591879145,
        "narHash": "sha256-6YrnItxExL2C8pNIdLd+hXCjsB2MbZANwWkah6dreD8=",
        "owner": "norcalli",
        "repo": "nvim-colorizer.lua",
        "rev": "36c610a9717cc9ec426a07c8e6bf3b3abcb139d6",
        "type": "github"
      },
      "original": {
        "owner": "norcalli",
        "repo": "nvim-colorizer.lua",
        "type": "github"
      }
    },
    "comment": {
      "flake": false,
      "locked": {
        "lastModified": 1674040818,
        "narHash": "sha256-7UtZAE9tPlnpeHS2LLol/LGVOxptDXNKWXHNHvFBNk4=",
        "owner": "numToStr",
        "repo": "Comment.nvim",
        "rev": "eab2c83a0207369900e92783f56990808082eac2",
        "type": "github"
      },
      "original": {
        "owner": "numToStr",
        "repo": "Comment.nvim",
        "type": "github"
      }
    },
    "diffview": {
      "flake": false,
      "locked": {
        "lastModified": 1675685478,
        "narHash": "sha256-B3MkC24F+c4+cM0vGm2HZBnA+CuoZTDEZ0d5oNAuNIA=",
        "owner": "sindrets",
        "repo": "diffview.nvim",
        "rev": "11827d46e939b4748dbdb7e0df4982a63bd59d26",
        "type": "github"
      },
      "original": {
        "owner": "sindrets",
        "repo": "diffview.nvim",
        "type": "github"
      }
    },
    "dirbuf": {
      "flake": false,
      "locked": {
        "lastModified": 1661712690,
        "narHash": "sha256-35pNyVO0Yx+g5nvcFOmi2npb9Bnv83mkOtQJ2eKbSyc=",
        "owner": "elihunter173",
        "repo": "dirbuf.nvim",
        "rev": "ac7ad3c8e61630d15af1f6266441984f54f54fd2",
        "type": "github"
      },
      "original": {
        "owner": "elihunter173",
        "repo": "dirbuf.nvim",
        "type": "github"
      }
    },
    "editorconfig": {
      "flake": false,
      "locked": {
        "lastModified": 1673364897,
        "narHash": "sha256-pR57tITdVGF4luEmmRYv/XFb35E3KDfcgYRijkPAc+Y=",
        "owner": "gpanders",
        "repo": "editorconfig.nvim",
        "rev": "5b9e303e1d6f7abfe616ce4cc8d3fffc554790bf",
        "type": "github"
      },
      "original": {
        "owner": "gpanders",
        "repo": "editorconfig.nvim",
        "type": "github"
      }
    },
    "fidget": {
      "flake": false,
      "locked": {
        "lastModified": 1675645887,
        "narHash": "sha256-YdELtK01HAgav+omCq+APuABduic5qHnp1gUDVk06/U=",
        "owner": "j-hui",
        "repo": "fidget.nvim",
        "rev": "9dc6d15fdb877b2fb09ea0ba2dfde9beccb5965a",
        "type": "github"
      },
      "original": {
        "owner": "j-hui",
        "repo": "fidget.nvim",
        "type": "github"
      }
    },
    "flake-compat": {
      "flake": false,
      "locked": {
        "lastModified": 1673956053,
        "narHash": "sha256-4gtG9iQuiKITOjNQQeQIpoIB6b16fm+504Ch3sNKLd8=",
        "owner": "edolstra",
        "repo": "flake-compat",
        "rev": "35bb57c0c8d8b62bbfd284272c928ceb64ddbde9",
        "type": "github"
      },
      "original": {
        "owner": "edolstra",
        "repo": "flake-compat",
        "type": "github"
      }
    },
    "flake-compat_2": {
      "flake": false,
      "locked": {
        "lastModified": 1673956053,
        "narHash": "sha256-4gtG9iQuiKITOjNQQeQIpoIB6b16fm+504Ch3sNKLd8=",
        "owner": "edolstra",
        "repo": "flake-compat",
        "rev": "35bb57c0c8d8b62bbfd284272c928ceb64ddbde9",
        "type": "github"
      },
      "original": {
        "owner": "edolstra",
        "repo": "flake-compat",
        "type": "github"
      }
    },
    "flake-utils": {
      "locked": {
        "lastModified": 1667395993,
        "narHash": "sha256-nuEHfE/LcWyuSWnS8t12N1wc105Qtau+/OdUAjtQ0rA=",
        "owner": "numtide",
        "repo": "flake-utils",
        "rev": "5aed5285a952e0b949eb3ba02c12fa4fcfef535f",
        "type": "github"
      },
      "original": {
        "owner": "numtide",
        "repo": "flake-utils",
        "type": "github"
      }
    },
    "flake-utils_2": {
      "locked": {
        "lastModified": 1667395993,
        "narHash": "sha256-nuEHfE/LcWyuSWnS8t12N1wc105Qtau+/OdUAjtQ0rA=",
        "owner": "numtide",
        "repo": "flake-utils",
        "rev": "5aed5285a952e0b949eb3ba02c12fa4fcfef535f",
        "type": "github"
      },
      "original": {
        "owner": "numtide",
        "repo": "flake-utils",
        "type": "github"
      }
    },
    "formatter": {
      "flake": false,
      "locked": {
        "lastModified": 1671637911,
        "narHash": "sha256-i8pLLIrOqg1UkH0DDTHcEi5fwlrjR5sSXfIi2dGe7Og=",
        "owner": "mhartington",
        "repo": "formatter.nvim",
        "rev": "8a4c961330cc4688087f23d18fa7d2f1af9a4902",
        "type": "github"
      },
      "original": {
        "owner": "mhartington",
        "repo": "formatter.nvim",
        "type": "github"
      }
    },
    "fzf-lua": {
      "flake": false,
      "locked": {
        "lastModified": 1676128414,
        "narHash": "sha256-MjhuWFaFgTO+LNTL1hC2XnKT67nd98SfD2EpIQBaCP8=",
        "owner": "ibhagwan",
        "repo": "fzf-lua",
        "rev": "3dd4591e74eae63d062ac722fb7bf1998c1d3004",
        "type": "github"
      },
      "original": {
        "owner": "ibhagwan",
        "repo": "fzf-lua",
        "type": "github"
      }
    },
    "gitignore": {
      "inputs": {
        "nixpkgs": [
          "pre-commit-hooks",
          "nixpkgs"
        ]
      },
      "locked": {
        "lastModified": 1660459072,
        "narHash": "sha256-8DFJjXG8zqoONA1vXtgeKXy68KdJL5UaXR8NtVMUbx8=",
        "owner": "hercules-ci",
        "repo": "gitignore.nix",
        "rev": "a20de23b925fd8264fd7fad6454652e142fd7f73",
        "type": "github"
      },
      "original": {
        "owner": "hercules-ci",
        "repo": "gitignore.nix",
        "type": "github"
      }
    },
    "gitlinker": {
      "flake": false,
      "locked": {
        "lastModified": 1675414954,
        "narHash": "sha256-zrHvJSROjrDC5XtepOwuDrzrJG2jpnF5NJ05Iwd6DwA=",
        "owner": "ruifm",
        "repo": "gitlinker.nvim",
        "rev": "cc59f732f3d043b626c8702cb725c82e54d35c25",
        "type": "github"
      },
      "original": {
        "owner": "ruifm",
        "repo": "gitlinker.nvim",
        "type": "github"
      }
    },
    "gitsigns": {
      "flake": false,
      "locked": {
        "lastModified": 1676020921,
        "narHash": "sha256-+ANMd331Iz3ZzX3Xp9fRUcUnoKGDFN65OPu5vaN3PzI=",
        "owner": "lewis6991",
        "repo": "gitsigns.nvim",
        "rev": "f29f0b22fd66c910b892aae3bc18a4872c002738",
        "type": "github"
      },
      "original": {
        "owner": "lewis6991",
        "repo": "gitsigns.nvim",
        "type": "github"
      }
    },
    "glow": {
      "flake": false,
      "locked": {
        "lastModified": 1676038549,
        "narHash": "sha256-37gwf3sS2eFNDTKdLLNcOPi3d1TnAA3dC+zEYj/N3Ew=",
        "owner": "ellisonleao",
        "repo": "glow.nvim",
        "rev": "2bb4afb6e9dbc93993a1d7d4168dac08c74590ac",
        "type": "github"
      },
      "original": {
        "owner": "ellisonleao",
        "repo": "glow.nvim",
        "type": "github"
      }
    },
    "harpoon": {
      "flake": false,
      "locked": {
        "lastModified": 1674494227,
        "narHash": "sha256-himP+6uog+JmRc/sdQdxF1V1GPySE0joxCpVIEgGO3A=",
        "owner": "ThePrimeagen",
        "repo": "harpoon",
        "rev": "8c0bb0a328e57278f4783bb0e2ea32f296d36db1",
        "type": "github"
      },
      "original": {
        "owner": "ThePrimeagen",
        "repo": "harpoon",
        "type": "github"
      }
    },
    "illuminate": {
      "flake": false,
      "locked": {
        "lastModified": 1675991700,
        "narHash": "sha256-jl4hV9AXKzLJ8kl/GLZr3zWILLpTpD6wcmpquig2hZQ=",
        "owner": "RRethy",
        "repo": "vim-illuminate",
        "rev": "49062ab1dd8fec91833a69f0a1344223dd59d643",
        "type": "github"
      },
      "original": {
        "owner": "RRethy",
        "repo": "vim-illuminate",
        "type": "github"
      }
    },
    "impatient": {
      "flake": false,
      "locked": {
        "lastModified": 1672229806,
        "narHash": "sha256-o1iPFc0uYbgRHfRlhHtG0dV/H/j8TlA9Gml0RUuhobE=",
        "owner": "lewis6991",
        "repo": "impatient.nvim",
        "rev": "c90e273f7b8c50a02f956c24ce4804a47f18162e",
        "type": "github"
      },
      "original": {
        "owner": "lewis6991",
        "repo": "impatient.nvim",
        "type": "github"
      }
    },
    "inlay-hints": {
      "flake": false,
      "locked": {
        "lastModified": 1660353523,
        "narHash": "sha256-cDWx08N+NhN5Voxh8f7RGzerbAYB5FHE6TpD4/o/MIQ=",
        "owner": "simrat39",
        "repo": "inlay-hints.nvim",
        "rev": "006b0898f5d3874e8e528352103733142e705834",
        "type": "github"
      },
      "original": {
        "owner": "simrat39",
        "repo": "inlay-hints.nvim",
        "type": "github"
      }
    },
    "iron": {
      "flake": false,
      "locked": {
        "lastModified": 1672272433,
        "narHash": "sha256-6RE6+wfwPYuKBb+/bFbmj2A9L98g3WBGUkfrdkHDoT8=",
        "owner": "hkupty",
        "repo": "iron.nvim",
        "rev": "f4131638454aeb96cbd92652dd8c396e48eb4118",
        "type": "github"
      },
      "original": {
        "owner": "hkupty",
        "repo": "iron.nvim",
        "type": "github"
      }
    },
    "jdtls": {
      "flake": false,
      "locked": {
        "lastModified": 1675959541,
        "narHash": "sha256-dsmiosd+5Y1xHrLdacG6KXm47JAqIT2sKUEivz5f0yI=",
        "owner": "mfussenegger",
        "repo": "nvim-jdtls",
        "rev": "8fe3be1c08ab0bb55f2998fbc02f1a08f87a44bc",
        "type": "github"
      },
      "original": {
        "owner": "mfussenegger",
        "repo": "nvim-jdtls",
        "type": "github"
      }
    },
    "leap": {
      "flake": false,
      "locked": {
        "lastModified": 1676040493,
        "narHash": "sha256-G05fftvyDJahk9q7PPjwevu9mnv4sKxcymNzRW1Jr0w=",
        "owner": "ggandor",
        "repo": "leap.nvim",
        "rev": "7140feed70a5911b8c8a7eb9c218d198772f69cf",
        "type": "github"
      },
      "original": {
        "owner": "ggandor",
        "repo": "leap.nvim",
        "type": "github"
      }
    },
    "lsp-status": {
      "flake": false,
      "locked": {
        "lastModified": 1659485921,
        "narHash": "sha256-gmLeVnDyL8Zf5ZG92tP3mb/LAt438BxFtAi/Xax2zLI=",
        "owner": "nvim-lua",
        "repo": "lsp-status.nvim",
        "rev": "54f48eb5017632d81d0fd40112065f1d062d0629",
        "type": "github"
      },
      "original": {
        "owner": "nvim-lua",
        "repo": "lsp-status.nvim",
        "type": "github"
      }
    },
    "lsp_signature": {
      "flake": false,
      "locked": {
        "lastModified": 1675379662,
        "narHash": "sha256-g5bAumjFvA0MBPNKWqOxk5OsaR4KEe5CEsiNN5YbIQU=",
        "owner": "ray-x",
        "repo": "lsp_signature.nvim",
        "rev": "6f6252f63b0baf0f2224c4caea33819a27f3f550",
        "type": "github"
      },
      "original": {
        "owner": "ray-x",
        "repo": "lsp_signature.nvim",
        "type": "github"
      }
    },
    "lspconfig": {
      "flake": false,
      "locked": {
        "lastModified": 1676078478,
        "narHash": "sha256-1xpYeY/vBgQkT4vRcBWrnQYXIwHJkZ65EbPrLY75MNg=",
        "owner": "neovim",
        "repo": "nvim-lspconfig",
        "rev": "27e6eb27f31d1ef41427e1008029284c02dc856f",
        "type": "github"
      },
      "original": {
        "owner": "neovim",
        "repo": "nvim-lspconfig",
        "type": "github"
      }
    },
    "lspkind-nvim": {
      "flake": false,
      "locked": {
        "lastModified": 1663824370,
        "narHash": "sha256-WwUQ+O2rIfD4yl0GFx70GsZc9nnhS7b2KWfNdaXCLmM=",
        "owner": "onsails",
        "repo": "lspkind-nvim",
        "rev": "c68b3a003483cf382428a43035079f78474cd11e",
        "type": "github"
      },
      "original": {
        "owner": "onsails",
        "repo": "lspkind-nvim",
        "type": "github"
      }
    },
    "lualine": {
      "flake": false,
      "locked": {
        "lastModified": 1673418538,
        "narHash": "sha256-3I9og+/lVRFJSpDVFwp2AM5bMqeP1KF8XB8Nyfpwhok=",
        "owner": "hoob3rt",
        "repo": "lualine.nvim",
        "rev": "0050b308552e45f7128f399886c86afefc3eb988",
        "type": "github"
      },
      "original": {
        "owner": "hoob3rt",
        "repo": "lualine.nvim",
        "type": "github"
      }
    },
    "luasnip": {
      "flake": false,
      "locked": {
        "lastModified": 1676153903,
        "narHash": "sha256-2TIUb+txuFrzjX5fTPHC1VjA2STRaj6fsAwKfwdLc04=",
        "owner": "L3MON4D3",
        "repo": "LuaSnip",
        "rev": "58fbfc627a93281a77f7d161d4ff702e639677b1",
        "type": "github"
      },
      "original": {
        "owner": "L3MON4D3",
        "repo": "LuaSnip",
        "type": "github"
      }
    },
    "material-theme": {
      "flake": false,
      "locked": {
        "lastModified": 1673570532,
        "narHash": "sha256-tRqGMyfuMGwFnwXjq5pLhkEG+vvEPxUrdwmHoJTqmdM=",
        "owner": "marko-cerovac",
        "repo": "material.nvim",
        "rev": "c5f6a24d526a8ddcd651c5d1291de89a51f923fa",
        "type": "github"
      },
      "original": {
        "owner": "marko-cerovac",
        "repo": "material.nvim",
        "type": "github"
      }
    },
    "neodev-nvim": {
      "flake": false,
      "locked": {
        "lastModified": 1676048734,
        "narHash": "sha256-lfUIdtjas+t0LhmhrUYEDKmCX1G1YV6nEzuLwvcIIio=",
        "owner": "folke",
        "repo": "neodev.nvim",
        "rev": "e70715e5c914a97efb9bcc1cd14671afd4a3405d",
        "type": "github"
      },
      "original": {
        "owner": "folke",
        "repo": "neodev.nvim",
        "type": "github"
      }
    },
    "neogit": {
      "flake": false,
      "locked": {
        "lastModified": 1675169188,
        "narHash": "sha256-yu9yErQu8/LalI1TDPi9dxSkQSNAX7lYTdDG7EighEA=",
        "owner": "TimUntersberger",
        "repo": "neogit",
        "rev": "089d388876a535032ac6a3f80e19420f09e4ddda",
        "type": "github"
      },
      "original": {
        "owner": "TimUntersberger",
        "repo": "neogit",
        "type": "github"
      }
    },
    "neotest": {
      "flake": false,
      "locked": {
        "lastModified": 1675761688,
        "narHash": "sha256-8D/AJrHkuXIH8Z01F6thN6qwQv26kj8wLmAJuj2/xoA=",
        "owner": "nvim-neotest",
        "repo": "neotest",
        "rev": "568feb5e9c7c5b7386886ecd4520389153aa7c7d",
        "type": "github"
      },
      "original": {
        "owner": "nvim-neotest",
        "repo": "neotest",
        "type": "github"
      }
    },
    "neotest-plenary": {
      "flake": false,
      "locked": {
        "lastModified": 1672415371,
        "narHash": "sha256-uPj+Y4ggTXHHJcNLt6AjzA+9XHUiPkaRg4LE9wMGsxQ=",
        "owner": "nvim-neotest",
        "repo": "neotest-plenary",
        "rev": "d49bfd9470f791e7c29149e75d56b6f925bb391b",
        "type": "github"
      },
      "original": {
        "owner": "nvim-neotest",
        "repo": "neotest-plenary",
        "type": "github"
      }
    },
    "neotest-python": {
      "flake": false,
      "locked": {
        "lastModified": 1675758887,
        "narHash": "sha256-ALDaZli4OSei7bvA/3hVlBOpLwnsiXv3LFRnjTz2db0=",
        "owner": "nvim-neotest",
        "repo": "neotest-python",
        "rev": "a76fb6760fc2f653c2088f79152338cc99380cf1",
        "type": "github"
      },
      "original": {
        "owner": "nvim-neotest",
        "repo": "neotest-python",
        "type": "github"
      }
    },
    "neotest-rust": {
      "flake": false,
      "locked": {
        "lastModified": 1673903586,
        "narHash": "sha256-nMfjkSDR3d6AQczgQKl6IrA6th6DjpYAx9LqIabiihc=",
        "owner": "rouge8",
        "repo": "neotest-rust",
        "rev": "53db2f682e337c2188d81e8ecdf779bff869fb74",
        "type": "github"
      },
      "original": {
        "owner": "rouge8",
        "repo": "neotest-rust",
        "type": "github"
      }
    },
    "neovim-flake": {
      "inputs": {
        "flake-utils": "flake-utils",
        "nixpkgs": [
          "neovim-nightly-overlay",
          "nixpkgs"
        ]
      },
      "locked": {
        "dir": "contrib",
        "lastModified": 1676074831,
        "narHash": "sha256-C8kq6vyuJaHxlW59sJfPGJBCH2OCpKzA+un04VW3JVo=",
        "owner": "neovim",
        "repo": "neovim",
        "rev": "c9b0fe1f41ebaa6815a69ac614a5b2d1bab6f720",
        "type": "github"
      },
      "original": {
        "dir": "contrib",
        "owner": "neovim",
        "repo": "neovim",
        "type": "github"
      }
    },
    "neovim-nightly-overlay": {
      "inputs": {
        "flake-compat": "flake-compat",
        "neovim-flake": "neovim-flake",
        "nixpkgs": [
          "nixpkgs"
        ]
      },
      "locked": {
        "lastModified": 1676103239,
        "narHash": "sha256-CfOkHnzXAVHkPJLX1SdBsqDsGzb75mNmQiXVposUKt0=",
        "owner": "nix-community",
        "repo": "neovim-nightly-overlay",
        "rev": "c797a2bcd9a53bf230e4e6cd16aa650186bdd7fd",
        "type": "github"
      },
      "original": {
        "owner": "nix-community",
        "repo": "neovim-nightly-overlay",
        "type": "github"
      }
    },
    "nixpkgs": {
      "locked": {
        "lastModified": 1675942811,
        "narHash": "sha256-/v4Z9mJmADTpXrdIlAjFa1e+gkpIIROR670UVDQFwIw=",
        "owner": "NixOS",
        "repo": "nixpkgs",
        "rev": "724bfc0892363087709bd3a5a1666296759154b1",
        "type": "github"
      },
      "original": {
        "owner": "NixOS",
        "ref": "nixos-unstable",
        "repo": "nixpkgs",
        "type": "github"
      }
    },
    "nixpkgs-stable": {
      "locked": {
        "lastModified": 1673800717,
        "narHash": "sha256-SFHraUqLSu5cC6IxTprex/nTsI81ZQAtDvlBvGDWfnA=",
        "owner": "NixOS",
        "repo": "nixpkgs",
        "rev": "2f9fd351ec37f5d479556cd48be4ca340da59b8f",
        "type": "github"
      },
      "original": {
        "owner": "NixOS",
        "ref": "nixos-22.11",
        "repo": "nixpkgs",
        "type": "github"
      }
    },
    "nvim-bqf": {
      "flake": false,
      "locked": {
        "lastModified": 1675881710,
        "narHash": "sha256-CCTe2aG+L8rvCKutgxwTDwl3JuR862SWy8/0bBp50/M=",
        "owner": "kevinhwang91",
        "repo": "nvim-bqf",
        "rev": "7a278012efb0a12bc49ecc3e16ec5591c41fae88",
        "type": "github"
      },
      "original": {
        "owner": "kevinhwang91",
        "repo": "nvim-bqf",
        "type": "github"
      }
    },
    "nvim-cmp": {
      "flake": false,
      "locked": {
        "lastModified": 1676123548,
        "narHash": "sha256-Hl04lOjqXtGBG6x4tBL986EdsV1buvqs8uE1RHaMtAQ=",
        "owner": "hrsh7th",
        "repo": "nvim-cmp",
        "rev": "aae0c3e4e778ca4be6fabc52e388cbd5b844b7a5",
        "type": "github"
      },
      "original": {
        "owner": "hrsh7th",
        "repo": "nvim-cmp",
        "type": "github"
      }
    },
    "nvim-dap": {
      "flake": false,
      "locked": {
        "lastModified": 1676051782,
        "narHash": "sha256-vxZYHvClEnAT9N/TsazPeyoKPju6kAqoy7Jt7fbx2yA=",
        "owner": "mfussenegger",
        "repo": "nvim-dap",
        "rev": "401f5f22b2d7f9bdbb9294d0235136091458816a",
        "type": "github"
      },
      "original": {
        "owner": "mfussenegger",
        "repo": "nvim-dap",
        "type": "github"
      }
    },
    "nvim-dap-ui": {
      "flake": false,
      "locked": {
        "lastModified": 1675947768,
        "narHash": "sha256-oLhPCCqeC9STz0fVwo66TH49r6CEkwdvqR0Jy7a+ZoA=",
        "owner": "rcarriga",
        "repo": "nvim-dap-ui",
        "rev": "100c67dd63c870819fb998fec4867b17d02db4b7",
        "type": "github"
      },
      "original": {
        "owner": "rcarriga",
        "repo": "nvim-dap-ui",
        "type": "github"
      }
    },
    "nvim-dap-virtual-text": {
      "flake": false,
      "locked": {
        "lastModified": 1674907788,
        "narHash": "sha256-PDTv1Wd5qV+HPsJVtYxXFTgLnYYFZZCO8ZYtVni7UVI=",
        "owner": "theHamsta",
        "repo": "nvim-dap-virtual-text",
        "rev": "7f7f2af549e72a0b7bddc3b4f827beb027ea8ce3",
        "type": "github"
      },
      "original": {
        "owner": "theHamsta",
        "repo": "nvim-dap-virtual-text",
        "type": "github"
      }
    },
    "nvim-gps": {
      "flake": false,
      "locked": {
        "lastModified": 1656991502,
        "narHash": "sha256-o0pgk0IyeWmb4DOqlrpsWWl//E8geSUfoT06754Fz0k=",
        "owner": "SmiteshP",
        "repo": "nvim-gps",
        "rev": "f4734dff6fc2f33b5fd13412e56c4fce06650a74",
        "type": "github"
      },
      "original": {
        "owner": "SmiteshP",
        "repo": "nvim-gps",
        "type": "github"
      }
    },
    "nvim-lightbulb": {
      "flake": false,
      "locked": {
        "lastModified": 1661474119,
        "narHash": "sha256-nw6H/dS4dHdrobnrfJVa8urWrMnbTWrA5bQJy9xbKXY=",
        "owner": "kosayoda",
        "repo": "nvim-lightbulb",
        "rev": "56b9ce31ec9d09d560fe8787c0920f76bc208297",
        "type": "github"
      },
      "original": {
        "owner": "kosayoda",
        "repo": "nvim-lightbulb",
        "type": "github"
      }
    },
    "nvim-lint": {
      "flake": false,
      "locked": {
        "lastModified": 1674973101,
        "narHash": "sha256-LpZHp2dsN0443vABYTpfr3qQQ5TJ66/kavf71idhPAU=",
        "owner": "mfussenegger",
        "repo": "nvim-lint",
        "rev": "379be679d3c5f80964bc19131554b846dce5d34e",
        "type": "github"
      },
      "original": {
        "owner": "mfussenegger",
        "repo": "nvim-lint",
        "type": "github"
      }
    },
    "nvim-lsp-selection-range": {
      "flake": false,
      "locked": {
        "lastModified": 1666531967,
        "narHash": "sha256-58OpTcuZf6liiWU5TA35sN8dIbHNyQ+y9oD42nxx0OU=",
        "owner": "camilledejoye",
        "repo": "nvim-lsp-selection-range",
        "rev": "7fd411a1df5c9a219fcd9d0914da55fe0e584c7b",
        "type": "github"
      },
      "original": {
        "owner": "camilledejoye",
        "repo": "nvim-lsp-selection-range",
        "type": "github"
      }
    },
    "nvim-ts-context-commentstring": {
      "flake": false,
      "locked": {
        "lastModified": 1673854847,
        "narHash": "sha256-HHsja6sz5+k4slmK697cRZZmkeCAt7Cjr0REYn15IX0=",
        "owner": "JoosepAlviste",
        "repo": "nvim-ts-context-commentstring",
        "rev": "a0f89563ba36b3bacd62cf967b46beb4c2c29e52",
        "type": "github"
      },
      "original": {
        "owner": "JoosepAlviste",
        "repo": "nvim-ts-context-commentstring",
        "type": "github"
      }
    },
    "nvim-ts-rainbow": {
      "flake": false,
      "locked": {
        "lastModified": 1673267886,
        "narHash": "sha256-uOQN6eGY5ULNyue7mDIZFVSFQ33o9PjrViiNJAleoyc=",
        "owner": "mrjones2014",
        "repo": "nvim-ts-rainbow",
        "rev": "aa83e4967bf78f85ffd9a11e159900c7ea7e423b",
        "type": "github"
      },
      "original": {
        "owner": "mrjones2014",
        "repo": "nvim-ts-rainbow",
        "type": "github"
      }
    },
    "nvim-ufo": {
      "flake": false,
      "locked": {
        "lastModified": 1675403669,
        "narHash": "sha256-24vA7J6uStq74wAEUKIw6HlEzAs67w15KXUIRqvgo7s=",
        "owner": "kevinhwang91",
        "repo": "nvim-ufo",
        "rev": "b70c9ef0f8e2673a11387a39185ff249e00df19f",
        "type": "github"
      },
      "original": {
        "owner": "kevinhwang91",
        "repo": "nvim-ufo",
        "type": "github"
      }
    },
    "nvim-unception": {
      "flake": false,
      "locked": {
        "lastModified": 1673889144,
        "narHash": "sha256-V6wpmGJcS//fDfHLhobn3lVPB4+4Ps0ZLQYNBcJ12eI=",
        "owner": "samjwill",
        "repo": "nvim-unception",
        "rev": "2e475b74f3e581d21cd0ce86e0520546ac756791",
        "type": "github"
      },
      "original": {
        "owner": "samjwill",
        "repo": "nvim-unception",
        "type": "github"
      }
    },
    "nvim-web-devicons": {
      "flake": false,
      "locked": {
        "lastModified": 1676157571,
        "narHash": "sha256-dAHimGq7vC08NX+7pNOZs38fTGyEq6OohDT3WFGZ0Xk=",
        "owner": "nvim-tree",
        "repo": "nvim-web-devicons",
        "rev": "bd7a222287c5828cd0607cd0a5605e52f0460074",
        "type": "github"
      },
      "original": {
        "owner": "nvim-tree",
        "repo": "nvim-web-devicons",
        "type": "github"
      }
    },
    "one-small-step-for-vimkind": {
      "flake": false,
      "locked": {
        "lastModified": 1675024880,
        "narHash": "sha256-0vCDdou0aujJ/ojl1K+e6uz2JxGahVLe+7fiIiO+HuA=",
        "owner": "jbyuki",
        "repo": "one-small-step-for-vimkind",
        "rev": "aef1bdbb8347e6daaf33d5109002f3df243ebfe9",
        "type": "github"
      },
      "original": {
        "owner": "jbyuki",
        "repo": "one-small-step-for-vimkind",
        "type": "github"
      }
    },
    "peek": {
      "flake": false,
      "locked": {
        "lastModified": 1668174798,
        "narHash": "sha256-elfFUE4OPz+DmcXjvBqmbSJxeDizk779hx/erQW7mkk=",
        "owner": "toppair",
        "repo": "peek.nvim",
        "rev": "18284b64f6c5103ccf18d6b53f288d2b2de2dc4a",
        "type": "github"
      },
      "original": {
        "owner": "toppair",
        "repo": "peek.nvim",
        "type": "github"
      }
    },
    "persistence": {
      "flake": false,
      "locked": {
        "lastModified": 1674503601,
        "narHash": "sha256-vQcrO0KLHAEf7RY8N9C6LMwZMeiakmk/ZYRM4JLXcNk=",
        "owner": "folke",
        "repo": "persistence.nvim",
        "rev": "d8a3eda0e19b4d5f3180fc832c25baab1709f2a1",
        "type": "github"
      },
      "original": {
        "owner": "folke",
        "repo": "persistence.nvim",
        "type": "github"
      }
    },
    "plenary": {
      "flake": false,
      "locked": {
        "lastModified": 1675102817,
        "narHash": "sha256-XxyAeN+kt8Cvt8aklVXyjqS4QRaP/0RE6+tPdoGGxPc=",
        "owner": "nvim-lua",
        "repo": "plenary.nvim",
        "rev": "9a0d3bf7b832818c042aaf30f692b081ddd58bd9",
        "type": "github"
      },
      "original": {
        "owner": "nvim-lua",
        "repo": "plenary.nvim",
        "type": "github"
      }
    },
    "pre-commit-hooks": {
      "inputs": {
        "flake-compat": "flake-compat_2",
        "flake-utils": "flake-utils_2",
        "gitignore": "gitignore",
        "nixpkgs": [
          "nixpkgs"
        ],
        "nixpkgs-stable": "nixpkgs-stable"
      },
      "locked": {
        "lastModified": 1675688762,
        "narHash": "sha256-oit/SxMk0B380ASuztBGQLe8TttO1GJiXF8aZY9AYEc=",
        "owner": "cachix",
        "repo": "pre-commit-hooks.nix",
        "rev": "ab608394886fb04b8a5df3cb0bab2598400e3634",
        "type": "github"
      },
      "original": {
        "owner": "cachix",
        "repo": "pre-commit-hooks.nix",
        "type": "github"
      }
    },
    "project": {
      "flake": false,
      "locked": {
        "lastModified": 1667073231,
        "narHash": "sha256-fW4ztvYpeXTC0DbkZS4usG/KENiMJG/sWVTD4e8k42g=",
        "owner": "ahmedkhalf",
        "repo": "project.nvim",
        "rev": "685bc8e3890d2feb07ccf919522c97f7d33b94e4",
        "type": "github"
      },
      "original": {
        "owner": "ahmedkhalf",
        "repo": "project.nvim",
        "type": "github"
      }
    },
    "promise-async": {
      "flake": false,
      "locked": {
        "lastModified": 1675246102,
        "narHash": "sha256-ozjg+CkuypwEV3uErDszADpnfM1YujfapUS6dFahp4k=",
        "owner": "kevinhwang91",
        "repo": "promise-async",
        "rev": "7fa127fa80e7d4d447e0e2c78e99af4355f4247b",
        "type": "github"
      },
      "original": {
        "owner": "kevinhwang91",
        "repo": "promise-async",
        "type": "github"
      }
    },
    "quick-scope": {
      "flake": false,
      "locked": {
        "lastModified": 1653690622,
        "narHash": "sha256-MfqxI8CXmVXn3ZAyZqCufgZ690GTuy6PMgKTPVBuNm4=",
        "owner": "unblevable",
        "repo": "quick-scope",
        "rev": "428e8698347f254d24b248af9f656194a80081e5",
        "type": "github"
      },
      "original": {
        "owner": "unblevable",
        "repo": "quick-scope",
        "type": "github"
      }
    },
    "repeat": {
      "flake": false,
      "locked": {
        "lastModified": 1611544268,
        "narHash": "sha256-8rfZa3uKXB3TRCqaDHZ6DfzNbm7WaYnLvmTNzYtnKHg=",
        "owner": "tpope",
        "repo": "vim-repeat",
        "rev": "24afe922e6a05891756ecf331f39a1f6743d3d5a",
        "type": "github"
      },
      "original": {
        "owner": "tpope",
        "repo": "vim-repeat",
        "type": "github"
      }
    },
    "rnvimr": {
      "flake": false,
      "locked": {
        "lastModified": 1675246204,
        "narHash": "sha256-OZaIuI/rhNCwK/OEt9Xqx3RLn63GRtND+56g+hUUV/E=",
        "owner": "kevinhwang91",
        "repo": "rnvimr",
        "rev": "40b4e0be0231eabc7406168b432d507c6b6332f9",
        "type": "github"
      },
      "original": {
        "owner": "kevinhwang91",
        "repo": "rnvimr",
        "type": "github"
      }
    },
    "root": {
      "inputs": {
        "cmp-buffer": "cmp-buffer",
        "cmp-cmdline": "cmp-cmdline",
        "cmp-cmdline-history": "cmp-cmdline-history",
        "cmp-conventionalcommits": "cmp-conventionalcommits",
        "cmp-dap": "cmp-dap",
        "cmp-git": "cmp-git",
        "cmp-nvim-lsp": "cmp-nvim-lsp",
        "cmp-nvim-lsp-document-symbol": "cmp-nvim-lsp-document-symbol",
        "cmp-nvim-lsp-signature-help": "cmp-nvim-lsp-signature-help",
        "cmp-nvim-lua": "cmp-nvim-lua",
        "cmp-nvim-ultisnips": "cmp-nvim-ultisnips",
        "cmp-omni": "cmp-omni",
        "cmp-path": "cmp-path",
        "cmp-rg": "cmp-rg",
        "colorizer": "colorizer",
        "comment": "comment",
        "diffview": "diffview",
        "dirbuf": "dirbuf",
        "editorconfig": "editorconfig",
        "fidget": "fidget",
        "formatter": "formatter",
        "fzf-lua": "fzf-lua",
        "gitlinker": "gitlinker",
        "gitsigns": "gitsigns",
        "glow": "glow",
        "harpoon": "harpoon",
        "illuminate": "illuminate",
        "impatient": "impatient",
        "inlay-hints": "inlay-hints",
        "iron": "iron",
        "jdtls": "jdtls",
        "leap": "leap",
        "lsp-status": "lsp-status",
        "lsp_signature": "lsp_signature",
        "lspconfig": "lspconfig",
        "lspkind-nvim": "lspkind-nvim",
        "lualine": "lualine",
        "luasnip": "luasnip",
        "material-theme": "material-theme",
        "neodev-nvim": "neodev-nvim",
        "neogit": "neogit",
        "neotest": "neotest",
        "neotest-plenary": "neotest-plenary",
        "neotest-python": "neotest-python",
        "neotest-rust": "neotest-rust",
        "neovim-nightly-overlay": "neovim-nightly-overlay",
        "nixpkgs": "nixpkgs",
        "nvim-bqf": "nvim-bqf",
        "nvim-cmp": "nvim-cmp",
        "nvim-dap": "nvim-dap",
        "nvim-dap-ui": "nvim-dap-ui",
        "nvim-dap-virtual-text": "nvim-dap-virtual-text",
        "nvim-gps": "nvim-gps",
        "nvim-lightbulb": "nvim-lightbulb",
        "nvim-lint": "nvim-lint",
        "nvim-lsp-selection-range": "nvim-lsp-selection-range",
        "nvim-ts-context-commentstring": "nvim-ts-context-commentstring",
        "nvim-ts-rainbow": "nvim-ts-rainbow",
        "nvim-ufo": "nvim-ufo",
        "nvim-unception": "nvim-unception",
        "nvim-web-devicons": "nvim-web-devicons",
        "one-small-step-for-vimkind": "one-small-step-for-vimkind",
        "peek": "peek",
        "persistence": "persistence",
        "plenary": "plenary",
        "pre-commit-hooks": "pre-commit-hooks",
        "project": "project",
        "promise-async": "promise-async",
        "quick-scope": "quick-scope",
        "repeat": "repeat",
        "rnvimr": "rnvimr",
        "rust-tools": "rust-tools",
        "sqlite": "sqlite",
        "statuscol": "statuscol",
        "surround": "surround",
        "telescope": "telescope",
        "telescope-smart-history": "telescope-smart-history",
        "telescope_hoogle": "telescope_hoogle",
        "todo-comments": "todo-comments",
        "toggleterm": "toggleterm",
        "treesitter-context": "treesitter-context",
        "treesitter-playground": "treesitter-playground",
        "treesitter-refactor": "treesitter-refactor",
        "treesitter-textobjects": "treesitter-textobjects",
        "ultisnips": "ultisnips",
        "unimpaired": "unimpaired",
        "venn": "venn",
        "vim-textobj-user": "vim-textobj-user",
        "vim-wordmotion": "vim-wordmotion",
        "yanky": "yanky"
      }
    },
    "rust-tools": {
      "flake": false,
      "locked": {
        "lastModified": 1675562213,
        "narHash": "sha256-SIVfaBTGil3gYa3VK1l8EXQqLILO2WbHBkOp+zQBSmo=",
        "owner": "simrat39",
        "repo": "rust-tools.nvim",
        "rev": "bd1aa99ffb911a1cf99b3fcf3b44c0391c57e3ef",
        "type": "github"
      },
      "original": {
        "owner": "simrat39",
        "repo": "rust-tools.nvim",
        "type": "github"
      }
    },
    "sqlite": {
      "flake": false,
      "locked": {
        "lastModified": 1674512845,
        "narHash": "sha256-vm6pu7oSTGD53mK337bjvHmOzUrzAnqufSvSGKFGmx8=",
        "owner": "tami5",
        "repo": "sqlite.lua",
        "rev": "93ff5824682ecc874200e338fd8ca9ccd08508f8",
        "type": "github"
      },
      "original": {
        "owner": "tami5",
        "repo": "sqlite.lua",
        "type": "github"
      }
    },
    "statuscol": {
      "flake": false,
      "locked": {
        "lastModified": 1676140199,
        "narHash": "sha256-e/qrByEmMsWKWxCFzk3VvgP0a7oVujkuHiXAJ6EuIsk=",
        "owner": "luukvbaal",
        "repo": "statuscol.nvim",
        "rev": "73bd12404beff5431d9b57e4ba2d6c5f18299c69",
        "type": "github"
      },
      "original": {
        "owner": "luukvbaal",
        "repo": "statuscol.nvim",
        "type": "github"
      }
    },
    "surround": {
      "flake": false,
      "locked": {
        "lastModified": 1675925680,
        "narHash": "sha256-55S9sQUV6SAgL3n0kqAj7FK+A6UcdGEVYl4wn1bdOVI=",
        "owner": "kylechui",
        "repo": "nvim-surround",
        "rev": "90821ad682aac189cd0a38fd83fc96f0cbcc5d29",
        "type": "github"
      },
      "original": {
        "owner": "kylechui",
        "repo": "nvim-surround",
        "type": "github"
      }
    },
    "telescope": {
      "flake": false,
      "locked": {
        "lastModified": 1674378568,
        "narHash": "sha256-SS7dh5bIsGVM3xSrr2a6BoSq18Q5PJ4vtF0I/AFmgKo=",
        "owner": "nvim-telescope",
        "repo": "telescope.nvim",
        "rev": "a1bd6866b539afdaa25305626c7aa6049b805d67",
        "type": "github"
      },
      "original": {
        "owner": "nvim-telescope",
        "ref": "0.1.x",
        "repo": "telescope.nvim",
        "type": "github"
      }
    },
    "telescope-smart-history": {
      "flake": false,
      "locked": {
        "lastModified": 1671132354,
        "narHash": "sha256-riBl0vSkRtM9Gtw/FNSKodSmqgGUpDnH7d5w+uU4ReQ=",
        "owner": "nvim-telescope",
        "repo": "telescope-smart-history.nvim",
        "rev": "81a4cceaa54d65d5f7c7c26178ee63b634d3e26d",
        "type": "github"
      },
      "original": {
        "owner": "nvim-telescope",
        "repo": "telescope-smart-history.nvim",
        "type": "github"
      }
    },
    "telescope_hoogle": {
      "flake": false,
      "locked": {
        "lastModified": 1666874001,
        "narHash": "sha256-VnhZ6gjwIBFw/qviA1V5azoMTUo7Nbw3xGP1bPkqWN4=",
        "owner": "luc-tielen",
        "repo": "telescope_hoogle",
        "rev": "6322f74655a2773974377a8fc8d170c00f24938f",
        "type": "github"
      },
      "original": {
        "owner": "luc-tielen",
        "repo": "telescope_hoogle",
        "type": "github"
      }
    },
    "todo-comments": {
      "flake": false,
      "locked": {
        "lastModified": 1674503659,
        "narHash": "sha256-2BV8ahB5iZmEh5N/JFqMdz4CqVXAIdmxE7rNC1+igsw=",
        "owner": "folke",
        "repo": "todo-comments.nvim",
        "rev": "74c7d28cb50b0713c881ef69bcb6cdd77d8907d1",
        "type": "github"
      },
      "original": {
        "owner": "folke",
        "repo": "todo-comments.nvim",
        "type": "github"
      }
    },
    "toggleterm": {
      "flake": false,
      "locked": {
        "lastModified": 1675358836,
        "narHash": "sha256-9O7p/7tRStg51OFhMc88M5ewYquiYC9x9CV4s5veVP8=",
        "owner": "akinsho",
        "repo": "toggleterm.nvim",
        "rev": "19aad0f41f47affbba1274f05e3c067e6d718e1e",
        "type": "github"
      },
      "original": {
        "owner": "akinsho",
        "repo": "toggleterm.nvim",
        "type": "github"
      }
    },
    "treesitter-context": {
      "flake": false,
      "locked": {
        "lastModified": 1672994337,
        "narHash": "sha256-DBbsv7nefBwgUtBqviPVzd8/Kqh+oy7cjWhiFz4vMjU=",
        "owner": "nvim-treesitter",
        "repo": "nvim-treesitter-context",
        "rev": "cacee4828152dd3a83736169ae61bbcd29a3d213",
        "type": "github"
      },
      "original": {
        "owner": "nvim-treesitter",
        "repo": "nvim-treesitter-context",
        "type": "github"
      }
    },
    "treesitter-playground": {
      "flake": false,
      "locked": {
        "lastModified": 1675372096,
        "narHash": "sha256-KyLR31XfYi3aANvXBGYCAsmYEr+H9hUr8j82abPQYDQ=",
        "owner": "nvim-treesitter",
        "repo": "playground",
        "rev": "c481c660fa903a0e295902b1765ecfbd6e76a556",
        "type": "github"
      },
      "original": {
        "owner": "nvim-treesitter",
        "repo": "playground",
        "type": "github"
      }
    },
    "treesitter-refactor": {
      "flake": false,
      "locked": {
        "lastModified": 1652483521,
        "narHash": "sha256-8iAwtoMqh+2ef8qooxBFzm1eAm+P+8IKjjepV4n/+vI=",
        "owner": "nvim-treesitter",
        "repo": "nvim-treesitter-refactor",
        "rev": "75f5895cc662d61eb919da8050b7a0124400d589",
        "type": "github"
      },
      "original": {
        "owner": "nvim-treesitter",
        "repo": "nvim-treesitter-refactor",
        "type": "github"
      }
    },
    "treesitter-textobjects": {
      "flake": false,
      "locked": {
        "lastModified": 1676047514,
        "narHash": "sha256-AYX0SBdICKckNyUuDmUWd0B8ZhOcGw2mmEpPxBUggaU=",
        "owner": "nvim-treesitter",
        "repo": "nvim-treesitter-textobjects",
        "rev": "13edf91f47c91b390bb00e1df2f7cc1ca250af3a",
        "type": "github"
      },
      "original": {
        "owner": "nvim-treesitter",
        "repo": "nvim-treesitter-textobjects",
        "type": "github"
      }
    },
    "ultisnips": {
      "flake": false,
      "locked": {
        "lastModified": 1675281112,
        "narHash": "sha256-PsyadbU5dvK0ei2umMr2tLxtouERM5/U8M8WAsVaKcY=",
        "owner": "SirVer",
        "repo": "ultisnips",
        "rev": "0ad238b1910d447476b2d98f593322c1cdb71285",
        "type": "github"
      },
      "original": {
        "owner": "SirVer",
        "repo": "ultisnips",
        "type": "github"
      }
    },
    "unimpaired": {
      "flake": false,
      "locked": {
        "lastModified": 1668992903,
        "narHash": "sha256-KUNmvI5+2yZuPTmtUiRPtkjzMxRaDh5gALsLz5VIaao=",
        "owner": "tpope",
        "repo": "vim-unimpaired",
        "rev": "6d44a6dc2ec34607c41ec78acf81657248580bf1",
        "type": "github"
      },
      "original": {
        "owner": "tpope",
        "repo": "vim-unimpaired",
        "type": "github"
      }
    },
    "venn": {
      "flake": false,
      "locked": {
        "lastModified": 1669127905,
        "narHash": "sha256-Ks5qUaI0MrhVC2AhVsReVwC/2WArXqIQ36CcCSCyzAk=",
        "owner": "jbyuki",
        "repo": "venn.nvim",
        "rev": "c114563960b8fb1197695d42798d1f3e7190b798",
        "type": "github"
      },
      "original": {
        "owner": "jbyuki",
        "repo": "venn.nvim",
        "type": "github"
      }
    },
    "vim-textobj-user": {
      "flake": false,
      "locked": {
        "lastModified": 1582277364,
        "narHash": "sha256-4+9SlywaEKpJL6MM2jcBjFoy2dpLqviil9idVNkeL/g=",
        "owner": "kana",
        "repo": "vim-textobj-user",
        "rev": "41a675ddbeefd6a93664a4dc52f302fe3086a933",
        "type": "github"
      },
      "original": {
        "owner": "kana",
        "repo": "vim-textobj-user",
        "type": "github"
      }
    },
    "vim-wordmotion": {
      "flake": false,
      "locked": {
        "lastModified": 1656979865,
        "narHash": "sha256-0Rzd+td/8S9vR/AJU058HX2auBAm+rNNAKAm2ribPl0=",
        "owner": "chaoren",
        "repo": "vim-wordmotion",
        "rev": "5dd613ed68a0ecf0fc6c11cd4098c03583786bf0",
        "type": "github"
      },
      "original": {
        "owner": "chaoren",
        "repo": "vim-wordmotion",
        "type": "github"
      }
    },
    "yanky": {
      "flake": false,
      "locked": {
        "lastModified": 1675492559,
        "narHash": "sha256-dv12E6xuP6S2trMY/Xt/8R06qlutxDgd1I24HImh2NY=",
        "owner": "gbprod",
        "repo": "yanky.nvim",
        "rev": "14b9c4cc572c3be5cf5b0a678e7ac240f08a8681",
        "type": "github"
      },
      "original": {
        "owner": "gbprod",
        "repo": "yanky.nvim",
        "type": "github"
      }
    }
  },
  "root": "root",
  "version": 7
}
