{
  "nodes": {
    "cmp-buffer": {
      "flake": false,
      "locked": {
        "lastModified": 1660101488,
        "narHash": "sha256-dG4U7MtnXThoa/PD+qFtCt76MQ14V1wX8GMYcvxEnbM=",
        "owner": "hrsh7th",
        "repo": "cmp-buffer",
        "rev": "3022dbc9166796b644a841a02de8dd1cc1d311fa",
        "type": "github"
      },
      "original": {
        "owner": "hrsh7th",
        "repo": "cmp-buffer",
        "type": "github"
      }
    },
    "cmp-cmdline": {
      "flake": false,
      "locked": {
        "lastModified": 1676566607,
        "narHash": "sha256-Yz2N7bzpQE4Qt89CAO3LEvBkhtgJR4OPN+734IayEK4=",
        "owner": "hrsh7th",
        "repo": "cmp-cmdline",
        "rev": "8fcc934a52af96120fe26358985c10c035984b53",
        "type": "github"
      },
      "original": {
        "owner": "hrsh7th",
        "repo": "cmp-cmdline",
        "type": "github"
      }
    },
    "cmp-cmdline-history": {
      "flake": false,
      "locked": {
        "lastModified": 1651653950,
        "narHash": "sha256-IcruTOCNxYKmbo0St1U+CmrDStASPLe+rTLNU6/2Xew=",
        "owner": "dmitmel",
        "repo": "cmp-cmdline-history",
        "rev": "003573b72d4635ce636234a826fa8c4ba2895ffe",
        "type": "github"
      },
      "original": {
        "owner": "dmitmel",
        "repo": "cmp-cmdline-history",
        "type": "github"
      }
    },
    "cmp-conventionalcommits": {
      "flake": false,
      "locked": {
        "lastModified": 1665962366,
        "narHash": "sha256-PAEWX0U8qbBwC3DqfCrDDlTLoIRIlcbwS1eDu3yarTc=",
        "owner": "davidsierradz",
        "repo": "cmp-conventionalcommits",
        "rev": "a4dfacf0601130b7f8afa7c948d735c27802fb7f",
        "type": "github"
      },
      "original": {
        "owner": "davidsierradz",
        "repo": "cmp-conventionalcommits",
        "type": "github"
      }
    },
    "cmp-dap": {
      "flake": false,
      "locked": {
        "lastModified": 1668340530,
        "narHash": "sha256-w+gGaZxXjb2B0dMXhfduEQKtO5CmQnuUdh4otpcsFuc=",
        "owner": "rcarriga",
        "repo": "cmp-dap",
        "rev": "d16f14a210cd28988b97ca8339d504533b7e09a4",
        "type": "github"
      },
      "original": {
        "owner": "rcarriga",
        "repo": "cmp-dap",
        "type": "github"
      }
    },
    "cmp-git": {
      "flake": false,
      "locked": {
        "lastModified": 1676383000,
        "narHash": "sha256-r8WLeWO3CB1xB7KVI/Z4O0JTjBsmWUwqYk7iCfgWw1I=",
        "owner": "petertriho",
        "repo": "cmp-git",
        "rev": "191ec4788656c3d1ad59c9edc3d96e132f93e039",
        "type": "github"
      },
      "original": {
        "owner": "petertriho",
        "repo": "cmp-git",
        "type": "github"
      }
    },
    "cmp-nvim-lsp": {
      "flake": false,
      "locked": {
        "lastModified": 1675708067,
        "narHash": "sha256-DxpcPTBlvVP88PDoTheLV2fC76EXDqS2UpM5mAfj/D4=",
        "owner": "hrsh7th",
        "repo": "cmp-nvim-lsp",
        "rev": "0e6b2ed705ddcff9738ec4ea838141654f12eeef",
        "type": "github"
      },
      "original": {
        "owner": "hrsh7th",
        "repo": "cmp-nvim-lsp",
        "type": "github"
      }
    },
    "cmp-nvim-lsp-document-symbol": {
      "flake": false,
      "locked": {
        "lastModified": 1666607452,
        "narHash": "sha256-ox0AJzY4z4lFx5A06IpE7z99pqqP2bN6/sYD0+tP/L4=",
        "owner": "hrsh7th",
        "repo": "cmp-nvim-lsp-document-symbol",
        "rev": "069a207be6a0327dcc62c957dbb38156b210733a",
        "type": "github"
      },
      "original": {
        "owner": "hrsh7th",
        "repo": "cmp-nvim-lsp-document-symbol",
        "type": "github"
      }
    },
    "cmp-nvim-lsp-signature-help": {
      "flake": false,
      "locked": {
        "lastModified": 1675422985,
        "narHash": "sha256-yDxYvjTIeXIKYR3tg+bf+okXKr5JYc/I9obP+6uKey4=",
        "owner": "hrsh7th",
        "repo": "cmp-nvim-lsp-signature-help",
        "rev": "3d8912ebeb56e5ae08ef0906e3a54de1c66b92f1",
        "type": "github"
      },
      "original": {
        "owner": "hrsh7th",
        "repo": "cmp-nvim-lsp-signature-help",
        "type": "github"
      }
    },
    "cmp-nvim-lua": {
      "flake": false,
      "locked": {
        "lastModified": 1672931929,
        "narHash": "sha256-/LzHwDeeUDL15ErUFvCQ2dd7N3bORBA+PMFl9dyrzWM=",
        "owner": "hrsh7th",
        "repo": "cmp-nvim-lua",
        "rev": "f3491638d123cfd2c8048aefaf66d246ff250ca6",
        "type": "github"
      },
      "original": {
        "owner": "hrsh7th",
        "repo": "cmp-nvim-lua",
        "type": "github"
      }
    },
    "cmp-nvim-ultisnips": {
      "flake": false,
      "locked": {
        "lastModified": 1673495632,
        "narHash": "sha256-ANZ+gZ98APSaTYow4YA9BsFlpEwvcT1Eypt6yq6ofUA=",
        "owner": "quangnguyen30192",
        "repo": "cmp-nvim-ultisnips",
        "rev": "43b69a235b2dc54db692049fe0d5cc60c6b58b4b",
        "type": "github"
      },
      "original": {
        "owner": "quangnguyen30192",
        "repo": "cmp-nvim-ultisnips",
        "type": "github"
      }
    },
    "cmp-omni": {
      "flake": false,
      "locked": {
        "lastModified": 1668658700,
        "narHash": "sha256-WXW9DPogGNqdhF3tAlztdl+1ct6spWQbNztbIxZyGAc=",
        "owner": "hrsh7th",
        "repo": "cmp-omni",
        "rev": "8457e4144ea2fc5efbadb7d22250d5ee8f8862ba",
        "type": "github"
      },
      "original": {
        "owner": "hrsh7th",
        "repo": "cmp-omni",
        "type": "github"
      }
    },
    "cmp-path": {
      "flake": false,
      "locked": {
        "lastModified": 1664784283,
        "narHash": "sha256-thppiiV3wjIaZnAXmsh7j3DUc6ceSCvGzviwFUnoPaI=",
        "owner": "hrsh7th",
        "repo": "cmp-path",
        "rev": "91ff86cd9c29299a64f968ebb45846c485725f23",
        "type": "github"
      },
      "original": {
        "owner": "hrsh7th",
        "repo": "cmp-path",
        "type": "github"
      }
    },
    "cmp-rg": {
      "flake": false,
      "locked": {
        "lastModified": 1662346601,
        "narHash": "sha256-UojROsV/SsQLUVlqBX6Elb1bq7cx8V/adOxDc3U8Mgo=",
        "owner": "lukas-reineke",
        "repo": "cmp-rg",
        "rev": "1cad8eb315643d0df13c37401c03d7986f891011",
        "type": "github"
      },
      "original": {
        "owner": "lukas-reineke",
        "repo": "cmp-rg",
        "type": "github"
      }
    },
    "colorizer": {
      "flake": false,
      "locked": {
        "lastModified": 1591879145,
        "narHash": "sha256-6YrnItxExL2C8pNIdLd+hXCjsB2MbZANwWkah6dreD8=",
        "owner": "norcalli",
        "repo": "nvim-colorizer.lua",
        "rev": "36c610a9717cc9ec426a07c8e6bf3b3abcb139d6",
        "type": "github"
      },
      "original": {
        "owner": "norcalli",
        "repo": "nvim-colorizer.lua",
        "type": "github"
      }
    },
    "comment": {
      "flake": false,
      "locked": {
        "lastModified": 1676528587,
        "narHash": "sha256-SwN67ILsNJk0bNkcfQFiipAULaDxTfnCDHSC/+XKeLA=",
        "owner": "numToStr",
        "repo": "Comment.nvim",
        "rev": "6821b3ae27a57f1f3cf8ed030e4a55d70d0c4e43",
        "type": "github"
      },
      "original": {
        "owner": "numToStr",
        "repo": "Comment.nvim",
        "type": "github"
      }
    },
    "diffview": {
      "flake": false,
      "locked": {
        "lastModified": 1675685478,
        "narHash": "sha256-B3MkC24F+c4+cM0vGm2HZBnA+CuoZTDEZ0d5oNAuNIA=",
        "owner": "sindrets",
        "repo": "diffview.nvim",
        "rev": "11827d46e939b4748dbdb7e0df4982a63bd59d26",
        "type": "github"
      },
      "original": {
        "owner": "sindrets",
        "repo": "diffview.nvim",
        "type": "github"
      }
    },
    "dirbuf": {
      "flake": false,
      "locked": {
        "lastModified": 1661712690,
        "narHash": "sha256-35pNyVO0Yx+g5nvcFOmi2npb9Bnv83mkOtQJ2eKbSyc=",
        "owner": "elihunter173",
        "repo": "dirbuf.nvim",
        "rev": "ac7ad3c8e61630d15af1f6266441984f54f54fd2",
        "type": "github"
      },
      "original": {
        "owner": "elihunter173",
        "repo": "dirbuf.nvim",
        "type": "github"
      }
    },
    "editorconfig": {
      "flake": false,
      "locked": {
        "lastModified": 1673364897,
        "narHash": "sha256-pR57tITdVGF4luEmmRYv/XFb35E3KDfcgYRijkPAc+Y=",
        "owner": "gpanders",
        "repo": "editorconfig.nvim",
        "rev": "5b9e303e1d6f7abfe616ce4cc8d3fffc554790bf",
        "type": "github"
      },
      "original": {
        "owner": "gpanders",
        "repo": "editorconfig.nvim",
        "type": "github"
      }
    },
    "fidget": {
      "flake": false,
      "locked": {
        "lastModified": 1676661245,
        "narHash": "sha256-f49AwromG0rHZ5i1q4i6GJgLNtusa8QpciljL0dgSJo=",
        "owner": "j-hui",
        "repo": "fidget.nvim",
        "rev": "688b4fec4517650e29c3e63cfbb6e498b3112ba1",
        "type": "github"
      },
      "original": {
        "owner": "j-hui",
        "repo": "fidget.nvim",
        "type": "github"
      }
    },
    "flake-compat": {
      "flake": false,
      "locked": {
        "lastModified": 1673956053,
        "narHash": "sha256-4gtG9iQuiKITOjNQQeQIpoIB6b16fm+504Ch3sNKLd8=",
        "owner": "edolstra",
        "repo": "flake-compat",
        "rev": "35bb57c0c8d8b62bbfd284272c928ceb64ddbde9",
        "type": "github"
      },
      "original": {
        "owner": "edolstra",
        "repo": "flake-compat",
        "type": "github"
      }
    },
    "flake-compat_2": {
      "flake": false,
      "locked": {
        "lastModified": 1673956053,
        "narHash": "sha256-4gtG9iQuiKITOjNQQeQIpoIB6b16fm+504Ch3sNKLd8=",
        "owner": "edolstra",
        "repo": "flake-compat",
        "rev": "35bb57c0c8d8b62bbfd284272c928ceb64ddbde9",
        "type": "github"
      },
      "original": {
        "owner": "edolstra",
        "repo": "flake-compat",
        "type": "github"
      }
    },
    "flake-utils": {
      "locked": {
        "lastModified": 1667395993,
        "narHash": "sha256-nuEHfE/LcWyuSWnS8t12N1wc105Qtau+/OdUAjtQ0rA=",
        "owner": "numtide",
        "repo": "flake-utils",
        "rev": "5aed5285a952e0b949eb3ba02c12fa4fcfef535f",
        "type": "github"
      },
      "original": {
        "owner": "numtide",
        "repo": "flake-utils",
        "type": "github"
      }
    },
    "flake-utils_2": {
      "locked": {
        "lastModified": 1667395993,
        "narHash": "sha256-nuEHfE/LcWyuSWnS8t12N1wc105Qtau+/OdUAjtQ0rA=",
        "owner": "numtide",
        "repo": "flake-utils",
        "rev": "5aed5285a952e0b949eb3ba02c12fa4fcfef535f",
        "type": "github"
      },
      "original": {
        "owner": "numtide",
        "repo": "flake-utils",
        "type": "github"
      }
    },
    "formatter": {
      "flake": false,
      "locked": {
        "lastModified": 1671637911,
        "narHash": "sha256-i8pLLIrOqg1UkH0DDTHcEi5fwlrjR5sSXfIi2dGe7Og=",
        "owner": "mhartington",
        "repo": "formatter.nvim",
        "rev": "8a4c961330cc4688087f23d18fa7d2f1af9a4902",
        "type": "github"
      },
      "original": {
        "owner": "mhartington",
        "repo": "formatter.nvim",
        "type": "github"
      }
    },
    "fzf-lua": {
      "flake": false,
      "locked": {
        "lastModified": 1676992535,
        "narHash": "sha256-7xROQzroxW91RMwRDJDHA612QlrB+ohD2xSHMsdDRLU=",
        "owner": "ibhagwan",
        "repo": "fzf-lua",
        "rev": "bd0334ede8d35ec0395ac793b77f0ba810f1f7a8",
        "type": "github"
      },
      "original": {
        "owner": "ibhagwan",
        "repo": "fzf-lua",
        "type": "github"
      }
    },
    "gitignore": {
      "inputs": {
        "nixpkgs": [
          "pre-commit-hooks",
          "nixpkgs"
        ]
      },
      "locked": {
        "lastModified": 1660459072,
        "narHash": "sha256-8DFJjXG8zqoONA1vXtgeKXy68KdJL5UaXR8NtVMUbx8=",
        "owner": "hercules-ci",
        "repo": "gitignore.nix",
        "rev": "a20de23b925fd8264fd7fad6454652e142fd7f73",
        "type": "github"
      },
      "original": {
        "owner": "hercules-ci",
        "repo": "gitignore.nix",
        "type": "github"
      }
    },
    "gitlinker": {
      "flake": false,
      "locked": {
        "lastModified": 1675414954,
        "narHash": "sha256-zrHvJSROjrDC5XtepOwuDrzrJG2jpnF5NJ05Iwd6DwA=",
        "owner": "ruifm",
        "repo": "gitlinker.nvim",
        "rev": "cc59f732f3d043b626c8702cb725c82e54d35c25",
        "type": "github"
      },
      "original": {
        "owner": "ruifm",
        "repo": "gitlinker.nvim",
        "type": "github"
      }
    },
    "gitsigns": {
      "flake": false,
      "locked": {
        "lastModified": 1676546567,
        "narHash": "sha256-/ektWWpMhHTFxeUpWFc6w0Zv/ZFkqjits2IYhlpwodo=",
        "owner": "lewis6991",
        "repo": "gitsigns.nvim",
        "rev": "f388995990aba04cfdc7c3ab870c33e280601109",
        "type": "github"
      },
      "original": {
        "owner": "lewis6991",
        "repo": "gitsigns.nvim",
        "type": "github"
      }
    },
    "glow": {
      "flake": false,
      "locked": {
        "lastModified": 1676038549,
        "narHash": "sha256-37gwf3sS2eFNDTKdLLNcOPi3d1TnAA3dC+zEYj/N3Ew=",
        "owner": "ellisonleao",
        "repo": "glow.nvim",
        "rev": "2bb4afb6e9dbc93993a1d7d4168dac08c74590ac",
        "type": "github"
      },
      "original": {
        "owner": "ellisonleao",
        "repo": "glow.nvim",
        "type": "github"
      }
    },
    "harpoon": {
      "flake": false,
      "locked": {
        "lastModified": 1677073908,
        "narHash": "sha256-jjZB7lVKEKFNCkOumsKUTzGAPYIoX7hQErmunJ06Xkk=",
        "owner": "ThePrimeagen",
        "repo": "harpoon",
        "rev": "fa3d8f725ab658dd2a9d4ab66f245c874431662c",
        "type": "github"
      },
      "original": {
        "owner": "ThePrimeagen",
        "repo": "harpoon",
        "type": "github"
      }
    },
    "illuminate": {
      "flake": false,
      "locked": {
        "lastModified": 1675991700,
        "narHash": "sha256-jl4hV9AXKzLJ8kl/GLZr3zWILLpTpD6wcmpquig2hZQ=",
        "owner": "RRethy",
        "repo": "vim-illuminate",
        "rev": "49062ab1dd8fec91833a69f0a1344223dd59d643",
        "type": "github"
      },
      "original": {
        "owner": "RRethy",
        "repo": "vim-illuminate",
        "type": "github"
      }
    },
    "impatient": {
      "flake": false,
      "locked": {
        "lastModified": 1672229806,
        "narHash": "sha256-o1iPFc0uYbgRHfRlhHtG0dV/H/j8TlA9Gml0RUuhobE=",
        "owner": "lewis6991",
        "repo": "impatient.nvim",
        "rev": "c90e273f7b8c50a02f956c24ce4804a47f18162e",
        "type": "github"
      },
      "original": {
        "owner": "lewis6991",
        "repo": "impatient.nvim",
        "type": "github"
      }
    },
    "inlay-hints": {
      "flake": false,
      "locked": {
        "lastModified": 1660353523,
        "narHash": "sha256-cDWx08N+NhN5Voxh8f7RGzerbAYB5FHE6TpD4/o/MIQ=",
        "owner": "simrat39",
        "repo": "inlay-hints.nvim",
        "rev": "006b0898f5d3874e8e528352103733142e705834",
        "type": "github"
      },
      "original": {
        "owner": "simrat39",
        "repo": "inlay-hints.nvim",
        "type": "github"
      }
    },
    "iron": {
      "flake": false,
      "locked": {
        "lastModified": 1672272433,
        "narHash": "sha256-6RE6+wfwPYuKBb+/bFbmj2A9L98g3WBGUkfrdkHDoT8=",
        "owner": "hkupty",
        "repo": "iron.nvim",
        "rev": "f4131638454aeb96cbd92652dd8c396e48eb4118",
        "type": "github"
      },
      "original": {
        "owner": "hkupty",
        "repo": "iron.nvim",
        "type": "github"
      }
    },
    "jdtls": {
      "flake": false,
      "locked": {
        "lastModified": 1675959541,
        "narHash": "sha256-dsmiosd+5Y1xHrLdacG6KXm47JAqIT2sKUEivz5f0yI=",
        "owner": "mfussenegger",
        "repo": "nvim-jdtls",
        "rev": "8fe3be1c08ab0bb55f2998fbc02f1a08f87a44bc",
        "type": "github"
      },
      "original": {
        "owner": "mfussenegger",
        "repo": "nvim-jdtls",
        "type": "github"
      }
    },
    "leap": {
      "flake": false,
      "locked": {
        "lastModified": 1676565101,
        "narHash": "sha256-REKznVWUbAYgoVehh2EmouLsgDjiSu3XEuWwoLzzKlc=",
        "owner": "ggandor",
        "repo": "leap.nvim",
        "rev": "9a69febb2e5a4f5f5a55dd2d7173098fde917bc5",
        "type": "github"
      },
      "original": {
        "owner": "ggandor",
        "repo": "leap.nvim",
        "type": "github"
      }
    },
    "lsp-status": {
      "flake": false,
      "locked": {
        "lastModified": 1659485921,
        "narHash": "sha256-gmLeVnDyL8Zf5ZG92tP3mb/LAt438BxFtAi/Xax2zLI=",
        "owner": "nvim-lua",
        "repo": "lsp-status.nvim",
        "rev": "54f48eb5017632d81d0fd40112065f1d062d0629",
        "type": "github"
      },
      "original": {
        "owner": "nvim-lua",
        "repo": "lsp-status.nvim",
        "type": "github"
      }
    },
    "lsp_signature": {
      "flake": false,
      "locked": {
        "lastModified": 1675379662,
        "narHash": "sha256-g5bAumjFvA0MBPNKWqOxk5OsaR4KEe5CEsiNN5YbIQU=",
        "owner": "ray-x",
        "repo": "lsp_signature.nvim",
        "rev": "6f6252f63b0baf0f2224c4caea33819a27f3f550",
        "type": "github"
      },
      "original": {
        "owner": "ray-x",
        "repo": "lsp_signature.nvim",
        "type": "github"
      }
    },
    "lspconfig": {
      "flake": false,
      "locked": {
        "lastModified": 1676973867,
        "narHash": "sha256-BI2eswBt8yTFXFrbtDPqA4E+//Z9zluofqmp0DY3OIs=",
        "owner": "neovim",
        "repo": "nvim-lspconfig",
        "rev": "91998cef4b1ae3a624901d0f9c894409db24e760",
        "type": "github"
      },
      "original": {
        "owner": "neovim",
        "repo": "nvim-lspconfig",
        "type": "github"
      }
    },
    "lspkind-nvim": {
      "flake": false,
      "locked": {
        "lastModified": 1663824370,
        "narHash": "sha256-WwUQ+O2rIfD4yl0GFx70GsZc9nnhS7b2KWfNdaXCLmM=",
        "owner": "onsails",
        "repo": "lspkind-nvim",
        "rev": "c68b3a003483cf382428a43035079f78474cd11e",
        "type": "github"
      },
      "original": {
        "owner": "onsails",
        "repo": "lspkind-nvim",
        "type": "github"
      }
    },
    "lualine": {
      "flake": false,
      "locked": {
        "lastModified": 1676394253,
        "narHash": "sha256-mItWWRqWj9a/JaW8sccnGBijBsvvnh/b4q/S60UwYwc=",
        "owner": "hoob3rt",
        "repo": "lualine.nvim",
        "rev": "e99d733e0213ceb8f548ae6551b04ae32e590c80",
        "type": "github"
      },
      "original": {
        "owner": "hoob3rt",
        "repo": "lualine.nvim",
        "type": "github"
      }
    },
    "luasnip": {
      "flake": false,
      "locked": {
        "lastModified": 1676978389,
        "narHash": "sha256-PCDt7JrdOMHSeBkiTUjT7ZGmpKkcMR6hw/IP/YBOXnw=",
        "owner": "L3MON4D3",
        "repo": "LuaSnip",
        "rev": "d33cf7de14eea209b8ed4a7edaed72f0b8cedb30",
        "type": "github"
      },
      "original": {
        "owner": "L3MON4D3",
        "repo": "LuaSnip",
        "type": "github"
      }
    },
    "material-theme": {
      "flake": false,
      "locked": {
        "lastModified": 1673570532,
        "narHash": "sha256-tRqGMyfuMGwFnwXjq5pLhkEG+vvEPxUrdwmHoJTqmdM=",
        "owner": "marko-cerovac",
        "repo": "material.nvim",
        "rev": "c5f6a24d526a8ddcd651c5d1291de89a51f923fa",
        "type": "github"
      },
      "original": {
        "owner": "marko-cerovac",
        "repo": "material.nvim",
        "type": "github"
      }
    },
    "neodev-nvim": {
      "flake": false,
      "locked": {
        "lastModified": 1677045955,
        "narHash": "sha256-OIf+CF5QR1hUOQzaa0cbosAvdn+4brx7uLKohPXnSJE=",
        "owner": "folke",
        "repo": "neodev.nvim",
        "rev": "6d362921d772963e5a5e5ed0fcf82153defaf206",
        "type": "github"
      },
      "original": {
        "owner": "folke",
        "repo": "neodev.nvim",
        "type": "github"
      }
    },
    "neogit": {
      "flake": false,
      "locked": {
        "lastModified": 1676915221,
        "narHash": "sha256-kbggNS5CAsyHy5mC8uV7YmFl3Jp3f1HRg06Bf2Z4byQ=",
        "owner": "TimUntersberger",
        "repo": "neogit",
        "rev": "bde758e658c1cdc794293afbde698b5aaa93c5de",
        "type": "github"
      },
      "original": {
        "owner": "TimUntersberger",
        "repo": "neogit",
        "type": "github"
      }
    },
    "neotest": {
      "flake": false,
      "locked": {
        "lastModified": 1676972888,
        "narHash": "sha256-RA6py92AVGzuWGLjp2Zn6U6xxx1tdqOYO2yn67PH3sQ=",
        "owner": "nvim-neotest",
        "repo": "neotest",
        "rev": "b06b0ccbddc61acfe781689da969d2e0117b3dfe",
        "type": "github"
      },
      "original": {
        "owner": "nvim-neotest",
        "repo": "neotest",
        "type": "github"
      }
    },
    "neotest-plenary": {
      "flake": false,
      "locked": {
        "lastModified": 1672415371,
        "narHash": "sha256-uPj+Y4ggTXHHJcNLt6AjzA+9XHUiPkaRg4LE9wMGsxQ=",
        "owner": "nvim-neotest",
        "repo": "neotest-plenary",
        "rev": "d49bfd9470f791e7c29149e75d56b6f925bb391b",
        "type": "github"
      },
      "original": {
        "owner": "nvim-neotest",
        "repo": "neotest-plenary",
        "type": "github"
      }
    },
    "neotest-python": {
      "flake": false,
      "locked": {
        "lastModified": 1676712877,
        "narHash": "sha256-DeMEMwMscOJrazrv9LmuaaxtN4TYow9W/D4b8MRxyz4=",
        "owner": "nvim-neotest",
        "repo": "neotest-python",
        "rev": "6c06041cfb45f45e276068020baa06c06fe20d5c",
        "type": "github"
      },
      "original": {
        "owner": "nvim-neotest",
        "repo": "neotest-python",
        "type": "github"
      }
    },
    "neotest-rust": {
      "flake": false,
      "locked": {
        "lastModified": 1676323705,
        "narHash": "sha256-7YM3rt+QLgWsIDO86IoOOTdXzgG4BBp0p2IdO48q0Us=",
        "owner": "rouge8",
        "repo": "neotest-rust",
        "rev": "ceb091b6fe30c675564b81a166064fc283eab7ae",
        "type": "github"
      },
      "original": {
        "owner": "rouge8",
        "repo": "neotest-rust",
        "type": "github"
      }
    },
    "neovim-flake": {
      "inputs": {
        "flake-utils": "flake-utils",
        "nixpkgs": [
          "neovim-nightly-overlay",
          "nixpkgs"
        ]
      },
      "locked": {
        "dir": "contrib",
        "lastModified": 1677014495,
        "narHash": "sha256-sRI5Dz0QbmccCg7gQ5k+K0K9tr/gKt3DhDebFNbL53Q=",
        "owner": "neovim",
        "repo": "neovim",
        "rev": "649742821a640c47c3934e7366676efc03153a28",
        "type": "github"
      },
      "original": {
        "dir": "contrib",
        "owner": "neovim",
        "repo": "neovim",
        "type": "github"
      }
    },
    "neovim-nightly-overlay": {
      "inputs": {
        "flake-compat": "flake-compat",
        "neovim-flake": "neovim-flake",
        "nixpkgs": [
          "nixpkgs"
        ]
      },
      "locked": {
        "lastModified": 1677053732,
        "narHash": "sha256-5AMf15LqJFy5qfGt1MRyhyb54eapvjGAEntZhXKuiBQ=",
        "owner": "nix-community",
        "repo": "neovim-nightly-overlay",
        "rev": "c865f7d431b5e9bfe986ead53de3c89bf8dbead6",
        "type": "github"
      },
      "original": {
        "owner": "nix-community",
        "repo": "neovim-nightly-overlay",
        "type": "github"
      }
    },
    "nixpkgs": {
      "locked": {
        "lastModified": 1676973346,
        "narHash": "sha256-rft8oGMocTAhUVqG3LW6I8K/Fo9ICGmNjRqaWTJwav0=",
        "owner": "NixOS",
        "repo": "nixpkgs",
        "rev": "d0d55259081f0b97c828f38559cad899d351cad1",
        "type": "github"
      },
      "original": {
        "owner": "NixOS",
        "ref": "nixos-unstable",
        "repo": "nixpkgs",
        "type": "github"
      }
    },
    "nixpkgs-stable": {
      "locked": {
        "lastModified": 1673800717,
        "narHash": "sha256-SFHraUqLSu5cC6IxTprex/nTsI81ZQAtDvlBvGDWfnA=",
        "owner": "NixOS",
        "repo": "nixpkgs",
        "rev": "2f9fd351ec37f5d479556cd48be4ca340da59b8f",
        "type": "github"
      },
      "original": {
        "owner": "NixOS",
        "ref": "nixos-22.11",
        "repo": "nixpkgs",
        "type": "github"
      }
    },
    "nvim-bqf": {
      "flake": false,
      "locked": {
        "lastModified": 1676882809,
        "narHash": "sha256-TNbF9q4U2U/cCWvHbg0k6fD6gKe5nkzm4jjgvEu5gk4=",
        "owner": "kevinhwang91",
        "repo": "nvim-bqf",
        "rev": "b71e6bc220ea2ef8f09d5e6b39d52609a965f322",
        "type": "github"
      },
      "original": {
        "owner": "kevinhwang91",
        "repo": "nvim-bqf",
        "type": "github"
      }
    },
    "nvim-cmp": {
      "flake": false,
      "locked": {
        "lastModified": 1677050638,
        "narHash": "sha256-qi+9fDaiww6iCKiJuz+eN2Avrvhqyni+d/KzP9498bU=",
        "owner": "hrsh7th",
        "repo": "nvim-cmp",
        "rev": "ba7a53478d0726683d1597ad1e814695033dcb4b",
        "type": "github"
      },
      "original": {
        "owner": "hrsh7th",
        "repo": "nvim-cmp",
        "type": "github"
      }
    },
    "nvim-dap": {
      "flake": false,
      "locked": {
        "lastModified": 1677074516,
        "narHash": "sha256-DHQh8bjhMtbXQ6yXcdiNtefbq3DjnbtgMBkJ793tArs=",
        "owner": "mfussenegger",
        "repo": "nvim-dap",
        "rev": "e8dd631ee4cbb0a5b68b51106d9cc73a4f3fb81d",
        "type": "github"
      },
      "original": {
        "owner": "mfussenegger",
        "repo": "nvim-dap",
        "type": "github"
      }
    },
    "nvim-dap-ui": {
      "flake": false,
      "locked": {
        "lastModified": 1676725652,
        "narHash": "sha256-JhWQuZ+WR5L9a/UBwDZeai4qoL+GTAJZlaC2Iy7tuzs=",
        "owner": "rcarriga",
        "repo": "nvim-dap-ui",
        "rev": "bf9f0c4768ce8cb99ac0b99cf06ae6f91c906a1a",
        "type": "github"
      },
      "original": {
        "owner": "rcarriga",
        "repo": "nvim-dap-ui",
        "type": "github"
      }
    },
    "nvim-dap-virtual-text": {
      "flake": false,
      "locked": {
        "lastModified": 1676453799,
        "narHash": "sha256-PaIwpCkevGIWwTOqGIj6t66tjGh+5ndroGfb77TWwxw=",
        "owner": "theHamsta",
        "repo": "nvim-dap-virtual-text",
        "rev": "8db23ea51203b5f00ad107a0cef7e0b2d7a0476c",
        "type": "github"
      },
      "original": {
        "owner": "theHamsta",
        "repo": "nvim-dap-virtual-text",
        "type": "github"
      }
    },
    "nvim-gps": {
      "flake": false,
      "locked": {
        "lastModified": 1656991502,
        "narHash": "sha256-o0pgk0IyeWmb4DOqlrpsWWl//E8geSUfoT06754Fz0k=",
        "owner": "SmiteshP",
        "repo": "nvim-gps",
        "rev": "f4734dff6fc2f33b5fd13412e56c4fce06650a74",
        "type": "github"
      },
      "original": {
        "owner": "SmiteshP",
        "repo": "nvim-gps",
        "type": "github"
      }
    },
    "nvim-lightbulb": {
      "flake": false,
      "locked": {
        "lastModified": 1661474119,
        "narHash": "sha256-nw6H/dS4dHdrobnrfJVa8urWrMnbTWrA5bQJy9xbKXY=",
        "owner": "kosayoda",
        "repo": "nvim-lightbulb",
        "rev": "56b9ce31ec9d09d560fe8787c0920f76bc208297",
        "type": "github"
      },
      "original": {
        "owner": "kosayoda",
        "repo": "nvim-lightbulb",
        "type": "github"
      }
    },
    "nvim-lint": {
      "flake": false,
      "locked": {
        "lastModified": 1676642927,
        "narHash": "sha256-9JM3krRiY++0Acb3DGopyVE6G1iP1uCAC/5PIeIxr6c=",
        "owner": "mfussenegger",
        "repo": "nvim-lint",
        "rev": "9e3b261583a39b47facfefd181a233bfd68b9af0",
        "type": "github"
      },
      "original": {
        "owner": "mfussenegger",
        "repo": "nvim-lint",
        "type": "github"
      }
    },
    "nvim-lsp-selection-range": {
      "flake": false,
      "locked": {
        "lastModified": 1666531967,
        "narHash": "sha256-58OpTcuZf6liiWU5TA35sN8dIbHNyQ+y9oD42nxx0OU=",
        "owner": "camilledejoye",
        "repo": "nvim-lsp-selection-range",
        "rev": "7fd411a1df5c9a219fcd9d0914da55fe0e584c7b",
        "type": "github"
      },
      "original": {
        "owner": "camilledejoye",
        "repo": "nvim-lsp-selection-range",
        "type": "github"
      }
    },
    "nvim-ts-context-commentstring": {
      "flake": false,
      "locked": {
        "lastModified": 1673854847,
        "narHash": "sha256-HHsja6sz5+k4slmK697cRZZmkeCAt7Cjr0REYn15IX0=",
        "owner": "JoosepAlviste",
        "repo": "nvim-ts-context-commentstring",
        "rev": "a0f89563ba36b3bacd62cf967b46beb4c2c29e52",
        "type": "github"
      },
      "original": {
        "owner": "JoosepAlviste",
        "repo": "nvim-ts-context-commentstring",
        "type": "github"
      }
    },
    "nvim-ts-rainbow": {
      "flake": false,
      "locked": {
        "lastModified": 1676988559,
        "narHash": "sha256-CBTPQR22WcDTGPllJhDej/+Eoe0mp4t+xprT2sK4iP0=",
        "owner": "mrjones2014",
        "repo": "nvim-ts-rainbow",
        "rev": "81f9a2e752edc793a34355be952dd1ebb1d5701b",
        "type": "github"
      },
      "original": {
        "owner": "mrjones2014",
        "repo": "nvim-ts-rainbow",
        "type": "github"
      }
    },
    "nvim-ufo": {
      "flake": false,
      "locked": {
        "lastModified": 1675403669,
        "narHash": "sha256-24vA7J6uStq74wAEUKIw6HlEzAs67w15KXUIRqvgo7s=",
        "owner": "kevinhwang91",
        "repo": "nvim-ufo",
        "rev": "b70c9ef0f8e2673a11387a39185ff249e00df19f",
        "type": "github"
      },
      "original": {
        "owner": "kevinhwang91",
        "repo": "nvim-ufo",
        "type": "github"
      }
    },
    "nvim-unception": {
      "flake": false,
      "locked": {
        "lastModified": 1673889144,
        "narHash": "sha256-V6wpmGJcS//fDfHLhobn3lVPB4+4Ps0ZLQYNBcJ12eI=",
        "owner": "samjwill",
        "repo": "nvim-unception",
        "rev": "2e475b74f3e581d21cd0ce86e0520546ac756791",
        "type": "github"
      },
      "original": {
        "owner": "samjwill",
        "repo": "nvim-unception",
        "type": "github"
      }
    },
    "nvim-web-devicons": {
      "flake": false,
      "locked": {
        "lastModified": 1676827281,
        "narHash": "sha256-inRhQZRENU8OFMUtqOQGJ9Lc7bwrfuWu5jDDLnpJcCw=",
        "owner": "nvim-tree",
        "repo": "nvim-web-devicons",
        "rev": "4709a504d2cd2680fb511675e64ef2790d491d36",
        "type": "github"
      },
      "original": {
        "owner": "nvim-tree",
        "repo": "nvim-web-devicons",
        "type": "github"
      }
    },
    "one-small-step-for-vimkind": {
      "flake": false,
      "locked": {
        "lastModified": 1675024880,
        "narHash": "sha256-0vCDdou0aujJ/ojl1K+e6uz2JxGahVLe+7fiIiO+HuA=",
        "owner": "jbyuki",
        "repo": "one-small-step-for-vimkind",
        "rev": "aef1bdbb8347e6daaf33d5109002f3df243ebfe9",
        "type": "github"
      },
      "original": {
        "owner": "jbyuki",
        "repo": "one-small-step-for-vimkind",
        "type": "github"
      }
    },
    "peek": {
      "flake": false,
      "locked": {
        "lastModified": 1676661636,
        "narHash": "sha256-7KbH/Lfu803EnOSZK5sLkI4My+nfps7V7TLFyE4/Fmw=",
        "owner": "toppair",
        "repo": "peek.nvim",
        "rev": "ade044b0c1beadd918f867264d1a801e675ec1d7",
        "type": "github"
      },
      "original": {
        "owner": "toppair",
        "repo": "peek.nvim",
        "type": "github"
      }
    },
    "persistence": {
      "flake": false,
      "locked": {
        "lastModified": 1674503601,
        "narHash": "sha256-vQcrO0KLHAEf7RY8N9C6LMwZMeiakmk/ZYRM4JLXcNk=",
        "owner": "folke",
        "repo": "persistence.nvim",
        "rev": "d8a3eda0e19b4d5f3180fc832c25baab1709f2a1",
        "type": "github"
      },
      "original": {
        "owner": "folke",
        "repo": "persistence.nvim",
        "type": "github"
      }
    },
    "plenary": {
      "flake": false,
      "locked": {
        "lastModified": 1676797549,
        "narHash": "sha256-z5JHuQcF1EvySnRBywl6EOrp8aRO0nd2dnkXJg2ge58=",
        "owner": "nvim-lua",
        "repo": "plenary.nvim",
        "rev": "253d34830709d690f013daf2853a9d21ad7accab",
        "type": "github"
      },
      "original": {
        "owner": "nvim-lua",
        "repo": "plenary.nvim",
        "type": "github"
      }
    },
    "pre-commit-hooks": {
      "inputs": {
        "flake-compat": "flake-compat_2",
        "flake-utils": "flake-utils_2",
        "gitignore": "gitignore",
        "nixpkgs": [
          "nixpkgs"
        ],
        "nixpkgs-stable": "nixpkgs-stable"
      },
      "locked": {
        "lastModified": 1676879534,
        "narHash": "sha256-HU4RXcwsAX1u7AUbGOBDxkYQkeODcn+HZjXqKa1y/hk=",
        "owner": "cachix",
        "repo": "pre-commit-hooks.nix",
        "rev": "c9495f017f67a11e9c9909b032dc7762dfc853cf",
        "type": "github"
      },
      "original": {
        "owner": "cachix",
        "repo": "pre-commit-hooks.nix",
        "type": "github"
      }
    },
    "project": {
      "flake": false,
      "locked": {
        "lastModified": 1667073231,
        "narHash": "sha256-fW4ztvYpeXTC0DbkZS4usG/KENiMJG/sWVTD4e8k42g=",
        "owner": "ahmedkhalf",
        "repo": "project.nvim",
        "rev": "685bc8e3890d2feb07ccf919522c97f7d33b94e4",
        "type": "github"
      },
      "original": {
        "owner": "ahmedkhalf",
        "repo": "project.nvim",
        "type": "github"
      }
    },
    "promise-async": {
      "flake": false,
      "locked": {
        "lastModified": 1675246102,
        "narHash": "sha256-ozjg+CkuypwEV3uErDszADpnfM1YujfapUS6dFahp4k=",
        "owner": "kevinhwang91",
        "repo": "promise-async",
        "rev": "7fa127fa80e7d4d447e0e2c78e99af4355f4247b",
        "type": "github"
      },
      "original": {
        "owner": "kevinhwang91",
        "repo": "promise-async",
        "type": "github"
      }
    },
    "quick-scope": {
      "flake": false,
      "locked": {
        "lastModified": 1653690622,
        "narHash": "sha256-MfqxI8CXmVXn3ZAyZqCufgZ690GTuy6PMgKTPVBuNm4=",
        "owner": "unblevable",
        "repo": "quick-scope",
        "rev": "428e8698347f254d24b248af9f656194a80081e5",
        "type": "github"
      },
      "original": {
        "owner": "unblevable",
        "repo": "quick-scope",
        "type": "github"
      }
    },
    "repeat": {
      "flake": false,
      "locked": {
        "lastModified": 1611544268,
        "narHash": "sha256-8rfZa3uKXB3TRCqaDHZ6DfzNbm7WaYnLvmTNzYtnKHg=",
        "owner": "tpope",
        "repo": "vim-repeat",
        "rev": "24afe922e6a05891756ecf331f39a1f6743d3d5a",
        "type": "github"
      },
      "original": {
        "owner": "tpope",
        "repo": "vim-repeat",
        "type": "github"
      }
    },
    "rnvimr": {
      "flake": false,
      "locked": {
        "lastModified": 1676477895,
        "narHash": "sha256-j10QQWBkPP/2syUdFFZ+u+nvr3SdG63ryaj+1FLMxSI=",
        "owner": "kevinhwang91",
        "repo": "rnvimr",
        "rev": "cd0311d65cb3b8f8737b52f3294eb77d2fcec826",
        "type": "github"
      },
      "original": {
        "owner": "kevinhwang91",
        "repo": "rnvimr",
        "type": "github"
      }
    },
    "root": {
      "inputs": {
        "cmp-buffer": "cmp-buffer",
        "cmp-cmdline": "cmp-cmdline",
        "cmp-cmdline-history": "cmp-cmdline-history",
        "cmp-conventionalcommits": "cmp-conventionalcommits",
        "cmp-dap": "cmp-dap",
        "cmp-git": "cmp-git",
        "cmp-nvim-lsp": "cmp-nvim-lsp",
        "cmp-nvim-lsp-document-symbol": "cmp-nvim-lsp-document-symbol",
        "cmp-nvim-lsp-signature-help": "cmp-nvim-lsp-signature-help",
        "cmp-nvim-lua": "cmp-nvim-lua",
        "cmp-nvim-ultisnips": "cmp-nvim-ultisnips",
        "cmp-omni": "cmp-omni",
        "cmp-path": "cmp-path",
        "cmp-rg": "cmp-rg",
        "colorizer": "colorizer",
        "comment": "comment",
        "diffview": "diffview",
        "dirbuf": "dirbuf",
        "editorconfig": "editorconfig",
        "fidget": "fidget",
        "formatter": "formatter",
        "fzf-lua": "fzf-lua",
        "gitlinker": "gitlinker",
        "gitsigns": "gitsigns",
        "glow": "glow",
        "harpoon": "harpoon",
        "illuminate": "illuminate",
        "impatient": "impatient",
        "inlay-hints": "inlay-hints",
        "iron": "iron",
        "jdtls": "jdtls",
        "leap": "leap",
        "lsp-status": "lsp-status",
        "lsp_signature": "lsp_signature",
        "lspconfig": "lspconfig",
        "lspkind-nvim": "lspkind-nvim",
        "lualine": "lualine",
        "luasnip": "luasnip",
        "material-theme": "material-theme",
        "neodev-nvim": "neodev-nvim",
        "neogit": "neogit",
        "neotest": "neotest",
        "neotest-plenary": "neotest-plenary",
        "neotest-python": "neotest-python",
        "neotest-rust": "neotest-rust",
        "neovim-nightly-overlay": "neovim-nightly-overlay",
        "nixpkgs": "nixpkgs",
        "nvim-bqf": "nvim-bqf",
        "nvim-cmp": "nvim-cmp",
        "nvim-dap": "nvim-dap",
        "nvim-dap-ui": "nvim-dap-ui",
        "nvim-dap-virtual-text": "nvim-dap-virtual-text",
        "nvim-gps": "nvim-gps",
        "nvim-lightbulb": "nvim-lightbulb",
        "nvim-lint": "nvim-lint",
        "nvim-lsp-selection-range": "nvim-lsp-selection-range",
        "nvim-ts-context-commentstring": "nvim-ts-context-commentstring",
        "nvim-ts-rainbow": "nvim-ts-rainbow",
        "nvim-ufo": "nvim-ufo",
        "nvim-unception": "nvim-unception",
        "nvim-web-devicons": "nvim-web-devicons",
        "one-small-step-for-vimkind": "one-small-step-for-vimkind",
        "peek": "peek",
        "persistence": "persistence",
        "plenary": "plenary",
        "pre-commit-hooks": "pre-commit-hooks",
        "project": "project",
        "promise-async": "promise-async",
        "quick-scope": "quick-scope",
        "repeat": "repeat",
        "rnvimr": "rnvimr",
        "rust-tools": "rust-tools",
        "sqlite": "sqlite",
        "statuscol": "statuscol",
        "surround": "surround",
        "telescope": "telescope",
        "telescope-smart-history": "telescope-smart-history",
        "telescope_hoogle": "telescope_hoogle",
        "todo-comments": "todo-comments",
        "toggleterm": "toggleterm",
        "treesitter-context": "treesitter-context",
        "treesitter-playground": "treesitter-playground",
        "treesitter-refactor": "treesitter-refactor",
        "treesitter-textobjects": "treesitter-textobjects",
        "ultisnips": "ultisnips",
        "unimpaired": "unimpaired",
        "venn": "venn",
        "vim-textobj-user": "vim-textobj-user",
        "vim-wordmotion": "vim-wordmotion",
        "yanky": "yanky"
      }
    },
    "rust-tools": {
      "flake": false,
      "locked": {
        "lastModified": 1676929960,
        "narHash": "sha256-Cuk/vdoviB9ibt2rrkNRmNFy4S+6czhbExmIjTJRdZM=",
        "owner": "simrat39",
        "repo": "rust-tools.nvim",
        "rev": "71d2cf67b5ed120a0e31b2c8adb210dd2834242f",
        "type": "github"
      },
      "original": {
        "owner": "simrat39",
        "repo": "rust-tools.nvim",
        "type": "github"
      }
    },
    "sqlite": {
      "flake": false,
      "locked": {
        "lastModified": 1674512845,
        "narHash": "sha256-vm6pu7oSTGD53mK337bjvHmOzUrzAnqufSvSGKFGmx8=",
        "owner": "tami5",
        "repo": "sqlite.lua",
        "rev": "93ff5824682ecc874200e338fd8ca9ccd08508f8",
        "type": "github"
      },
      "original": {
        "owner": "tami5",
        "repo": "sqlite.lua",
        "type": "github"
      }
    },
    "statuscol": {
      "flake": false,
      "locked": {
        "lastModified": 1676305138,
        "narHash": "sha256-4BUGf0i2mJqq78XN3WHgsA5iPQcWkJ4Q3CHez1BkhoU=",
        "owner": "luukvbaal",
        "repo": "statuscol.nvim",
        "rev": "49a3bdab3e9cf23982724c1e888a6296fca4c8b9",
        "type": "github"
      },
      "original": {
        "owner": "luukvbaal",
        "repo": "statuscol.nvim",
        "type": "github"
      }
    },
    "surround": {
      "flake": false,
      "locked": {
        "lastModified": 1676999583,
        "narHash": "sha256-d8gJrzPv7iSaKzrSrERc8qm+0iaW6rTZEnfmqfAJ+3g=",
        "owner": "kylechui",
        "repo": "nvim-surround",
        "rev": "ebdd22d2040798d0b5a5e50d72d940e95f308121",
        "type": "github"
      },
      "original": {
        "owner": "kylechui",
        "repo": "nvim-surround",
        "type": "github"
      }
    },
    "telescope": {
      "flake": false,
      "locked": {
        "lastModified": 1676929438,
        "narHash": "sha256-bWKdlummAOvgBSECyVV07XdiWOxbsZ8jYZuZRfpaCwY=",
        "owner": "nvim-telescope",
        "repo": "telescope.nvim",
        "rev": "766a45a972408f67e793a3b63e3c419ff5458753",
        "type": "github"
      },
      "original": {
        "owner": "nvim-telescope",
        "ref": "0.1.x",
        "repo": "telescope.nvim",
        "type": "github"
      }
    },
    "telescope-smart-history": {
      "flake": false,
      "locked": {
        "lastModified": 1671132354,
        "narHash": "sha256-riBl0vSkRtM9Gtw/FNSKodSmqgGUpDnH7d5w+uU4ReQ=",
        "owner": "nvim-telescope",
        "repo": "telescope-smart-history.nvim",
        "rev": "81a4cceaa54d65d5f7c7c26178ee63b634d3e26d",
        "type": "github"
      },
      "original": {
        "owner": "nvim-telescope",
        "repo": "telescope-smart-history.nvim",
        "type": "github"
      }
    },
    "telescope_hoogle": {
      "flake": false,
      "locked": {
        "lastModified": 1666874001,
        "narHash": "sha256-VnhZ6gjwIBFw/qviA1V5azoMTUo7Nbw3xGP1bPkqWN4=",
        "owner": "luc-tielen",
        "repo": "telescope_hoogle",
        "rev": "6322f74655a2773974377a8fc8d170c00f24938f",
        "type": "github"
      },
      "original": {
        "owner": "luc-tielen",
        "repo": "telescope_hoogle",
        "type": "github"
      }
    },
    "todo-comments": {
      "flake": false,
      "locked": {
        "lastModified": 1674503659,
        "narHash": "sha256-2BV8ahB5iZmEh5N/JFqMdz4CqVXAIdmxE7rNC1+igsw=",
        "owner": "folke",
        "repo": "todo-comments.nvim",
        "rev": "74c7d28cb50b0713c881ef69bcb6cdd77d8907d1",
        "type": "github"
      },
      "original": {
        "owner": "folke",
        "repo": "todo-comments.nvim",
        "type": "github"
      }
    },
    "toggleterm": {
      "flake": false,
      "locked": {
        "lastModified": 1676916619,
        "narHash": "sha256-M1KzT+zyN/v7FDL5IKDlh6vUFd/A8AsN27xTlBw+pIs=",
        "owner": "akinsho",
        "repo": "toggleterm.nvim",
        "rev": "ecf9dacccbcf0d66d9aa9074fdbb5ed51575399a",
        "type": "github"
      },
      "original": {
        "owner": "akinsho",
        "repo": "toggleterm.nvim",
        "type": "github"
      }
    },
    "treesitter-context": {
      "flake": false,
      "locked": {
        "lastModified": 1676292803,
        "narHash": "sha256-DBbsv7nefBwgUtBqviPVzd8/Kqh+oy7cjWhiFz4vMjU=",
        "owner": "nvim-treesitter",
        "repo": "nvim-treesitter-context",
        "rev": "895ec44f5c89bc67ba5440aef3d1f2efa3d59a41",
        "type": "github"
      },
      "original": {
        "owner": "nvim-treesitter",
        "repo": "nvim-treesitter-context",
        "type": "github"
      }
    },
    "treesitter-playground": {
      "flake": false,
      "locked": {
        "lastModified": 1676666900,
        "narHash": "sha256-e8wqVyXfZ8qmURbCO/4pOVDSSHZEaRTGZLK5ZEh0AIY=",
        "owner": "nvim-treesitter",
        "repo": "playground",
        "rev": "4044b53c4d4fcd7a78eae20b8627f78ce7dc6f56",
        "type": "github"
      },
      "original": {
        "owner": "nvim-treesitter",
        "repo": "playground",
        "type": "github"
      }
    },
    "treesitter-refactor": {
      "flake": false,
      "locked": {
        "lastModified": 1652483521,
        "narHash": "sha256-8iAwtoMqh+2ef8qooxBFzm1eAm+P+8IKjjepV4n/+vI=",
        "owner": "nvim-treesitter",
        "repo": "nvim-treesitter-refactor",
        "rev": "75f5895cc662d61eb919da8050b7a0124400d589",
        "type": "github"
      },
      "original": {
        "owner": "nvim-treesitter",
        "repo": "nvim-treesitter-refactor",
        "type": "github"
      }
    },
    "treesitter-textobjects": {
      "flake": false,
      "locked": {
        "lastModified": 1676680680,
        "narHash": "sha256-23R4yaARy4SPBLTUWedx3ax25ZD+V5Vtic5zJLlkrME=",
        "owner": "nvim-treesitter",
        "repo": "nvim-treesitter-textobjects",
        "rev": "2f3583001e2bf793480f38cf0d055571787b0259",
        "type": "github"
      },
      "original": {
        "owner": "nvim-treesitter",
        "repo": "nvim-treesitter-textobjects",
        "type": "github"
      }
    },
    "ultisnips": {
      "flake": false,
      "locked": {
        "lastModified": 1675281112,
        "narHash": "sha256-PsyadbU5dvK0ei2umMr2tLxtouERM5/U8M8WAsVaKcY=",
        "owner": "SirVer",
        "repo": "ultisnips",
        "rev": "0ad238b1910d447476b2d98f593322c1cdb71285",
        "type": "github"
      },
      "original": {
        "owner": "SirVer",
        "repo": "ultisnips",
        "type": "github"
      }
    },
    "unimpaired": {
      "flake": false,
      "locked": {
        "lastModified": 1668992903,
        "narHash": "sha256-KUNmvI5+2yZuPTmtUiRPtkjzMxRaDh5gALsLz5VIaao=",
        "owner": "tpope",
        "repo": "vim-unimpaired",
        "rev": "6d44a6dc2ec34607c41ec78acf81657248580bf1",
        "type": "github"
      },
      "original": {
        "owner": "tpope",
        "repo": "vim-unimpaired",
        "type": "github"
      }
    },
    "venn": {
      "flake": false,
      "locked": {
        "lastModified": 1669127905,
        "narHash": "sha256-Ks5qUaI0MrhVC2AhVsReVwC/2WArXqIQ36CcCSCyzAk=",
        "owner": "jbyuki",
        "repo": "venn.nvim",
        "rev": "c114563960b8fb1197695d42798d1f3e7190b798",
        "type": "github"
      },
      "original": {
        "owner": "jbyuki",
        "repo": "venn.nvim",
        "type": "github"
      }
    },
    "vim-textobj-user": {
      "flake": false,
      "locked": {
        "lastModified": 1582277364,
        "narHash": "sha256-4+9SlywaEKpJL6MM2jcBjFoy2dpLqviil9idVNkeL/g=",
        "owner": "kana",
        "repo": "vim-textobj-user",
        "rev": "41a675ddbeefd6a93664a4dc52f302fe3086a933",
        "type": "github"
      },
      "original": {
        "owner": "kana",
        "repo": "vim-textobj-user",
        "type": "github"
      }
    },
    "vim-wordmotion": {
      "flake": false,
      "locked": {
        "lastModified": 1656979865,
        "narHash": "sha256-0Rzd+td/8S9vR/AJU058HX2auBAm+rNNAKAm2ribPl0=",
        "owner": "chaoren",
        "repo": "vim-wordmotion",
        "rev": "5dd613ed68a0ecf0fc6c11cd4098c03583786bf0",
        "type": "github"
      },
      "original": {
        "owner": "chaoren",
        "repo": "vim-wordmotion",
        "type": "github"
      }
    },
    "yanky": {
      "flake": false,
      "locked": {
        "lastModified": 1676920299,
        "narHash": "sha256-64Gxbj+V/ypqfVyBHuzSanvO5e/IacIajZxRhjSNJfA=",
        "owner": "gbprod",
        "repo": "yanky.nvim",
        "rev": "c41e4c31990ae1f5f3517de8dc006e4da235a043",
        "type": "github"
      },
      "original": {
        "owner": "gbprod",
        "repo": "yanky.nvim",
        "type": "github"
      }
    }
  },
  "root": "root",
  "version": 7
}
